<?xml version="1.0" encoding="utf-8"?>
<Project ToolsVersion="4.0" xmlns="http://schemas.microsoft.com/developer/msbuild/2003">
  <ItemGroup>
    <ClCompile Include="Maple Loader.cpp" />
    <ClCompile Include="UI\UI.cpp">
      <Filter>UI</Filter>
    </ClCompile>
    <ClCompile Include="Dependencies\ImGui\imgui.cpp">
      <Filter>Dependencies\ImGui</Filter>
    </ClCompile>
    <ClCompile Include="Dependencies\ImGui\imgui_demo.cpp">
      <Filter>Dependencies\ImGui</Filter>
    </ClCompile>
    <ClCompile Include="Dependencies\ImGui\imgui_draw.cpp">
      <Filter>Dependencies\ImGui</Filter>
    </ClCompile>
    <ClCompile Include="Dependencies\ImGui\imgui_tables.cpp">
      <Filter>Dependencies\ImGui</Filter>
    </ClCompile>
    <ClCompile Include="Dependencies\ImGui\imgui_widgets.cpp">
      <Filter>Dependencies\ImGui</Filter>
    </ClCompile>
    <ClCompile Include="Dependencies\ImGui\backends\imgui_impl_opengl3.cpp">
      <Filter>Dependencies\ImGui\backends</Filter>
    </ClCompile>
    <ClCompile Include="Dependencies\ImGui\backends\imgui_impl_win32.cpp">
      <Filter>Dependencies\ImGui\backends</Filter>
    </ClCompile>
    <ClCompile Include="Dependencies\ImGui\backends\imgui_impl_glfw.cpp">
      <Filter>Dependencies\ImGui\backends</Filter>
    </ClCompile>
    <ClCompile Include="UI\StyleProvider.cpp">
      <Filter>UI</Filter>
    </ClCompile>
    <ClCompile Include="UI\Widgets\Widgets.cpp">
      <Filter>UI\Widgets</Filter>
    </ClCompile>
    <ClCompile Include="Communication\Communication.cpp">
      <Filter>Communication</Filter>
    </ClCompile>
    <ClCompile Include="Utilities\Textures\TextureLoader.cpp">
      <Filter>Utilities\Textures</Filter>
    </ClCompile>
    <ClCompile Include="Utilities\Strings\StringUtilities.cpp">
      <Filter>Utilities\Strings</Filter>
    </ClCompile>
    <ClCompile Include="Utilities\Crypto\CryptoUtilities.cpp">
      <Filter>Utilities\Crypto</Filter>
    </ClCompile>
    <ClCompile Include="Utilities\Hardware\HardwareUtilities.cpp">
      <Filter>Utilities\Hardware</Filter>
    </ClCompile>
    <ClCompile Include="Utilities\Autofill\AutofillUtilities.cpp">
      <Filter>Utilities\Autofill</Filter>
    </ClCompile>
    <ClCompile Include="Dependencies\CryptoPP\3way.cpp">
      <Filter>Dependencies\CryptoPP</Filter>
    </ClCompile>
    <ClCompile Include="Dependencies\CryptoPP\adler32.cpp">
      <Filter>Dependencies\CryptoPP</Filter>
    </ClCompile>
    <ClCompile Include="Dependencies\CryptoPP\algebra.cpp">
      <Filter>Dependencies\CryptoPP</Filter>
    </ClCompile>
    <ClCompile Include="Dependencies\CryptoPP\algparam.cpp">
      <Filter>Dependencies\CryptoPP</Filter>
    </ClCompile>
    <ClCompile Include="Dependencies\CryptoPP\allocate.cpp">
      <Filter>Dependencies\CryptoPP</Filter>
    </ClCompile>
    <ClCompile Include="Dependencies\CryptoPP\arc4.cpp">
      <Filter>Dependencies\CryptoPP</Filter>
    </ClCompile>
    <ClCompile Include="Dependencies\CryptoPP\aria.cpp">
      <Filter>Dependencies\CryptoPP</Filter>
    </ClCompile>
    <ClCompile Include="Dependencies\CryptoPP\aria_simd.cpp">
      <Filter>Dependencies\CryptoPP</Filter>
    </ClCompile>
    <ClCompile Include="Dependencies\CryptoPP\ariatab.cpp">
      <Filter>Dependencies\CryptoPP</Filter>
    </ClCompile>
    <ClCompile Include="Dependencies\CryptoPP\asn.cpp">
      <Filter>Dependencies\CryptoPP</Filter>
    </ClCompile>
    <ClCompile Include="Dependencies\CryptoPP\authenc.cpp">
      <Filter>Dependencies\CryptoPP</Filter>
    </ClCompile>
    <ClCompile Include="Dependencies\CryptoPP\base32.cpp">
      <Filter>Dependencies\CryptoPP</Filter>
    </ClCompile>
    <ClCompile Include="Dependencies\CryptoPP\base64.cpp">
      <Filter>Dependencies\CryptoPP</Filter>
    </ClCompile>
    <ClCompile Include="Dependencies\CryptoPP\basecode.cpp">
      <Filter>Dependencies\CryptoPP</Filter>
    </ClCompile>
    <ClCompile Include="Dependencies\CryptoPP\bfinit.cpp">
      <Filter>Dependencies\CryptoPP</Filter>
    </ClCompile>
    <ClCompile Include="Dependencies\CryptoPP\blake2.cpp">
      <Filter>Dependencies\CryptoPP</Filter>
    </ClCompile>
    <ClCompile Include="Dependencies\CryptoPP\blake2b_simd.cpp">
      <Filter>Dependencies\CryptoPP</Filter>
    </ClCompile>
    <ClCompile Include="Dependencies\CryptoPP\blake2s_simd.cpp">
      <Filter>Dependencies\CryptoPP</Filter>
    </ClCompile>
    <ClCompile Include="Dependencies\CryptoPP\blowfish.cpp">
      <Filter>Dependencies\CryptoPP</Filter>
    </ClCompile>
    <ClCompile Include="Dependencies\CryptoPP\blumshub.cpp">
      <Filter>Dependencies\CryptoPP</Filter>
    </ClCompile>
    <ClCompile Include="Dependencies\CryptoPP\camellia.cpp">
      <Filter>Dependencies\CryptoPP</Filter>
    </ClCompile>
    <ClCompile Include="Dependencies\CryptoPP\cast.cpp">
      <Filter>Dependencies\CryptoPP</Filter>
    </ClCompile>
    <ClCompile Include="Dependencies\CryptoPP\casts.cpp">
      <Filter>Dependencies\CryptoPP</Filter>
    </ClCompile>
    <ClCompile Include="Dependencies\CryptoPP\cbcmac.cpp">
      <Filter>Dependencies\CryptoPP</Filter>
    </ClCompile>
    <ClCompile Include="Dependencies\CryptoPP\ccm.cpp">
      <Filter>Dependencies\CryptoPP</Filter>
    </ClCompile>
    <ClCompile Include="Dependencies\CryptoPP\chacha.cpp">
      <Filter>Dependencies\CryptoPP</Filter>
    </ClCompile>
    <ClCompile Include="Dependencies\CryptoPP\chacha_avx.cpp">
      <Filter>Dependencies\CryptoPP</Filter>
    </ClCompile>
    <ClCompile Include="Dependencies\CryptoPP\chacha_simd.cpp">
      <Filter>Dependencies\CryptoPP</Filter>
    </ClCompile>
    <ClCompile Include="Dependencies\CryptoPP\chachapoly.cpp">
      <Filter>Dependencies\CryptoPP</Filter>
    </ClCompile>
    <ClCompile Include="Dependencies\CryptoPP\cham.cpp">
      <Filter>Dependencies\CryptoPP</Filter>
    </ClCompile>
    <ClCompile Include="Dependencies\CryptoPP\cham_simd.cpp">
      <Filter>Dependencies\CryptoPP</Filter>
    </ClCompile>
    <ClCompile Include="Dependencies\CryptoPP\channels.cpp">
      <Filter>Dependencies\CryptoPP</Filter>
    </ClCompile>
    <ClCompile Include="Dependencies\CryptoPP\cmac.cpp">
      <Filter>Dependencies\CryptoPP</Filter>
    </ClCompile>
    <ClCompile Include="Dependencies\CryptoPP\cpu.cpp">
      <Filter>Dependencies\CryptoPP</Filter>
    </ClCompile>
    <ClCompile Include="Dependencies\CryptoPP\crc.cpp">
      <Filter>Dependencies\CryptoPP</Filter>
    </ClCompile>
    <ClCompile Include="Dependencies\CryptoPP\crc_simd.cpp">
      <Filter>Dependencies\CryptoPP</Filter>
    </ClCompile>
    <ClCompile Include="Dependencies\CryptoPP\cryptlib.cpp">
      <Filter>Dependencies\CryptoPP</Filter>
    </ClCompile>
    <ClCompile Include="Dependencies\CryptoPP\darn.cpp">
      <Filter>Dependencies\CryptoPP</Filter>
    </ClCompile>
    <ClCompile Include="Dependencies\CryptoPP\default.cpp">
      <Filter>Dependencies\CryptoPP</Filter>
    </ClCompile>
    <ClCompile Include="Dependencies\CryptoPP\des.cpp">
      <Filter>Dependencies\CryptoPP</Filter>
    </ClCompile>
    <ClCompile Include="Dependencies\CryptoPP\dessp.cpp">
      <Filter>Dependencies\CryptoPP</Filter>
    </ClCompile>
    <ClCompile Include="Dependencies\CryptoPP\dh.cpp">
      <Filter>Dependencies\CryptoPP</Filter>
    </ClCompile>
    <ClCompile Include="Dependencies\CryptoPP\dh2.cpp">
      <Filter>Dependencies\CryptoPP</Filter>
    </ClCompile>
    <ClCompile Include="Dependencies\CryptoPP\dll.cpp">
      <Filter>Dependencies\CryptoPP</Filter>
    </ClCompile>
    <ClCompile Include="Dependencies\CryptoPP\donna_32.cpp">
      <Filter>Dependencies\CryptoPP</Filter>
    </ClCompile>
    <ClCompile Include="Dependencies\CryptoPP\donna_64.cpp">
      <Filter>Dependencies\CryptoPP</Filter>
    </ClCompile>
    <ClCompile Include="Dependencies\CryptoPP\donna_sse.cpp">
      <Filter>Dependencies\CryptoPP</Filter>
    </ClCompile>
    <ClCompile Include="Dependencies\CryptoPP\dsa.cpp">
      <Filter>Dependencies\CryptoPP</Filter>
    </ClCompile>
    <ClCompile Include="Dependencies\CryptoPP\eax.cpp">
      <Filter>Dependencies\CryptoPP</Filter>
    </ClCompile>
    <ClCompile Include="Dependencies\CryptoPP\ec2n.cpp">
      <Filter>Dependencies\CryptoPP</Filter>
    </ClCompile>
    <ClCompile Include="Dependencies\CryptoPP\eccrypto.cpp">
      <Filter>Dependencies\CryptoPP</Filter>
    </ClCompile>
    <ClCompile Include="Dependencies\CryptoPP\ecp.cpp">
      <Filter>Dependencies\CryptoPP</Filter>
    </ClCompile>
    <ClCompile Include="Dependencies\CryptoPP\elgamal.cpp">
      <Filter>Dependencies\CryptoPP</Filter>
    </ClCompile>
    <ClCompile Include="Dependencies\CryptoPP\emsa2.cpp">
      <Filter>Dependencies\CryptoPP</Filter>
    </ClCompile>
    <ClCompile Include="Dependencies\CryptoPP\eprecomp.cpp">
      <Filter>Dependencies\CryptoPP</Filter>
    </ClCompile>
    <ClCompile Include="Dependencies\CryptoPP\esign.cpp">
      <Filter>Dependencies\CryptoPP</Filter>
    </ClCompile>
    <ClCompile Include="Dependencies\CryptoPP\files.cpp">
      <Filter>Dependencies\CryptoPP</Filter>
    </ClCompile>
    <ClCompile Include="Dependencies\CryptoPP\filters.cpp">
      <Filter>Dependencies\CryptoPP</Filter>
    </ClCompile>
    <ClCompile Include="Dependencies\CryptoPP\fips140.cpp">
      <Filter>Dependencies\CryptoPP</Filter>
    </ClCompile>
    <ClCompile Include="Dependencies\CryptoPP\fipsalgt.cpp">
      <Filter>Dependencies\CryptoPP</Filter>
    </ClCompile>
    <ClCompile Include="Dependencies\CryptoPP\fipstest.cpp">
      <Filter>Dependencies\CryptoPP</Filter>
    </ClCompile>
    <ClCompile Include="Dependencies\CryptoPP\gcm.cpp">
      <Filter>Dependencies\CryptoPP</Filter>
    </ClCompile>
    <ClCompile Include="Dependencies\CryptoPP\gcm_simd.cpp">
      <Filter>Dependencies\CryptoPP</Filter>
    </ClCompile>
    <ClCompile Include="Dependencies\CryptoPP\gf2_32.cpp">
      <Filter>Dependencies\CryptoPP</Filter>
    </ClCompile>
    <ClCompile Include="Dependencies\CryptoPP\gf2n.cpp">
      <Filter>Dependencies\CryptoPP</Filter>
    </ClCompile>
    <ClCompile Include="Dependencies\CryptoPP\gf2n_simd.cpp">
      <Filter>Dependencies\CryptoPP</Filter>
    </ClCompile>
    <ClCompile Include="Dependencies\CryptoPP\gf256.cpp">
      <Filter>Dependencies\CryptoPP</Filter>
    </ClCompile>
    <ClCompile Include="Dependencies\CryptoPP\gfpcrypt.cpp">
      <Filter>Dependencies\CryptoPP</Filter>
    </ClCompile>
    <ClCompile Include="Dependencies\CryptoPP\gost.cpp">
      <Filter>Dependencies\CryptoPP</Filter>
    </ClCompile>
    <ClCompile Include="Dependencies\CryptoPP\gzip.cpp">
      <Filter>Dependencies\CryptoPP</Filter>
    </ClCompile>
    <ClCompile Include="Dependencies\CryptoPP\hc128.cpp">
      <Filter>Dependencies\CryptoPP</Filter>
    </ClCompile>
    <ClCompile Include="Dependencies\CryptoPP\hc256.cpp">
      <Filter>Dependencies\CryptoPP</Filter>
    </ClCompile>
    <ClCompile Include="Dependencies\CryptoPP\hex.cpp">
      <Filter>Dependencies\CryptoPP</Filter>
    </ClCompile>
    <ClCompile Include="Dependencies\CryptoPP\hight.cpp">
      <Filter>Dependencies\CryptoPP</Filter>
    </ClCompile>
    <ClCompile Include="Dependencies\CryptoPP\hmac.cpp">
      <Filter>Dependencies\CryptoPP</Filter>
    </ClCompile>
    <ClCompile Include="Dependencies\CryptoPP\hrtimer.cpp">
      <Filter>Dependencies\CryptoPP</Filter>
    </ClCompile>
    <ClCompile Include="Dependencies\CryptoPP\ida.cpp">
      <Filter>Dependencies\CryptoPP</Filter>
    </ClCompile>
    <ClCompile Include="Dependencies\CryptoPP\idea.cpp">
      <Filter>Dependencies\CryptoPP</Filter>
    </ClCompile>
    <ClCompile Include="Dependencies\CryptoPP\integer.cpp">
      <Filter>Dependencies\CryptoPP</Filter>
    </ClCompile>
    <ClCompile Include="Dependencies\CryptoPP\iterhash.cpp">
      <Filter>Dependencies\CryptoPP</Filter>
    </ClCompile>
    <ClCompile Include="Dependencies\CryptoPP\kalyna.cpp">
      <Filter>Dependencies\CryptoPP</Filter>
    </ClCompile>
    <ClCompile Include="Dependencies\CryptoPP\kalynatab.cpp">
      <Filter>Dependencies\CryptoPP</Filter>
    </ClCompile>
    <ClCompile Include="Dependencies\CryptoPP\keccak.cpp">
      <Filter>Dependencies\CryptoPP</Filter>
    </ClCompile>
    <ClCompile Include="Dependencies\CryptoPP\keccak_core.cpp">
      <Filter>Dependencies\CryptoPP</Filter>
    </ClCompile>
    <ClCompile Include="Dependencies\CryptoPP\keccak_simd.cpp">
      <Filter>Dependencies\CryptoPP</Filter>
    </ClCompile>
    <ClCompile Include="Dependencies\CryptoPP\lea.cpp">
      <Filter>Dependencies\CryptoPP</Filter>
    </ClCompile>
    <ClCompile Include="Dependencies\CryptoPP\lea_simd.cpp">
      <Filter>Dependencies\CryptoPP</Filter>
    </ClCompile>
    <ClCompile Include="Dependencies\CryptoPP\lsh256.cpp">
      <Filter>Dependencies\CryptoPP</Filter>
    </ClCompile>
    <ClCompile Include="Dependencies\CryptoPP\lsh256_avx.cpp">
      <Filter>Dependencies\CryptoPP</Filter>
    </ClCompile>
    <ClCompile Include="Dependencies\CryptoPP\lsh256_sse.cpp">
      <Filter>Dependencies\CryptoPP</Filter>
    </ClCompile>
    <ClCompile Include="Dependencies\CryptoPP\lsh512.cpp">
      <Filter>Dependencies\CryptoPP</Filter>
    </ClCompile>
    <ClCompile Include="Dependencies\CryptoPP\lsh512_avx.cpp">
      <Filter>Dependencies\CryptoPP</Filter>
    </ClCompile>
    <ClCompile Include="Dependencies\CryptoPP\lsh512_sse.cpp">
      <Filter>Dependencies\CryptoPP</Filter>
    </ClCompile>
    <ClCompile Include="Dependencies\CryptoPP\luc.cpp">
      <Filter>Dependencies\CryptoPP</Filter>
    </ClCompile>
    <ClCompile Include="Dependencies\CryptoPP\mars.cpp">
      <Filter>Dependencies\CryptoPP</Filter>
    </ClCompile>
    <ClCompile Include="Dependencies\CryptoPP\marss.cpp">
      <Filter>Dependencies\CryptoPP</Filter>
    </ClCompile>
    <ClCompile Include="Dependencies\CryptoPP\md2.cpp">
      <Filter>Dependencies\CryptoPP</Filter>
    </ClCompile>
    <ClCompile Include="Dependencies\CryptoPP\md4.cpp">
      <Filter>Dependencies\CryptoPP</Filter>
    </ClCompile>
    <ClCompile Include="Dependencies\CryptoPP\md5.cpp">
      <Filter>Dependencies\CryptoPP</Filter>
    </ClCompile>
    <ClCompile Include="Dependencies\CryptoPP\misc.cpp">
      <Filter>Dependencies\CryptoPP</Filter>
    </ClCompile>
    <ClCompile Include="Dependencies\CryptoPP\modes.cpp">
      <Filter>Dependencies\CryptoPP</Filter>
    </ClCompile>
    <ClCompile Include="Dependencies\CryptoPP\mqueue.cpp">
      <Filter>Dependencies\CryptoPP</Filter>
    </ClCompile>
    <ClCompile Include="Dependencies\CryptoPP\mqv.cpp">
      <Filter>Dependencies\CryptoPP</Filter>
    </ClCompile>
    <ClCompile Include="Dependencies\CryptoPP\nbtheory.cpp">
      <Filter>Dependencies\CryptoPP</Filter>
    </ClCompile>
    <ClCompile Include="Dependencies\CryptoPP\neon_simd.cpp">
      <Filter>Dependencies\CryptoPP</Filter>
    </ClCompile>
    <ClCompile Include="Dependencies\CryptoPP\oaep.cpp">
      <Filter>Dependencies\CryptoPP</Filter>
    </ClCompile>
    <ClCompile Include="Dependencies\CryptoPP\osrng.cpp">
      <Filter>Dependencies\CryptoPP</Filter>
    </ClCompile>
    <ClCompile Include="Dependencies\CryptoPP\padlkrng.cpp">
      <Filter>Dependencies\CryptoPP</Filter>
    </ClCompile>
    <ClCompile Include="Dependencies\CryptoPP\panama.cpp">
      <Filter>Dependencies\CryptoPP</Filter>
    </ClCompile>
    <ClCompile Include="Dependencies\CryptoPP\pch.cpp">
      <Filter>Dependencies\CryptoPP</Filter>
    </ClCompile>
    <ClCompile Include="Dependencies\CryptoPP\pkcspad.cpp">
      <Filter>Dependencies\CryptoPP</Filter>
    </ClCompile>
    <ClCompile Include="Dependencies\CryptoPP\poly1305.cpp">
      <Filter>Dependencies\CryptoPP</Filter>
    </ClCompile>
    <ClCompile Include="Dependencies\CryptoPP\polynomi.cpp">
      <Filter>Dependencies\CryptoPP</Filter>
    </ClCompile>
    <ClCompile Include="Dependencies\CryptoPP\ppc_simd.cpp">
      <Filter>Dependencies\CryptoPP</Filter>
    </ClCompile>
    <ClCompile Include="Dependencies\CryptoPP\pssr.cpp">
      <Filter>Dependencies\CryptoPP</Filter>
    </ClCompile>
    <ClCompile Include="Dependencies\CryptoPP\pubkey.cpp">
      <Filter>Dependencies\CryptoPP</Filter>
    </ClCompile>
    <ClCompile Include="Dependencies\CryptoPP\queue.cpp">
      <Filter>Dependencies\CryptoPP</Filter>
    </ClCompile>
    <ClCompile Include="Dependencies\CryptoPP\rabbit.cpp">
      <Filter>Dependencies\CryptoPP</Filter>
    </ClCompile>
    <ClCompile Include="Dependencies\CryptoPP\rabin.cpp">
      <Filter>Dependencies\CryptoPP</Filter>
    </ClCompile>
    <ClCompile Include="Dependencies\CryptoPP\randpool.cpp">
      <Filter>Dependencies\CryptoPP</Filter>
    </ClCompile>
    <ClCompile Include="Dependencies\CryptoPP\rc2.cpp">
      <Filter>Dependencies\CryptoPP</Filter>
    </ClCompile>
    <ClCompile Include="Dependencies\CryptoPP\rc5.cpp">
      <Filter>Dependencies\CryptoPP</Filter>
    </ClCompile>
    <ClCompile Include="Dependencies\CryptoPP\rc6.cpp">
      <Filter>Dependencies\CryptoPP</Filter>
    </ClCompile>
    <ClCompile Include="Dependencies\CryptoPP\rdrand.cpp">
      <Filter>Dependencies\CryptoPP</Filter>
    </ClCompile>
    <ClCompile Include="Dependencies\CryptoPP\rdtables.cpp">
      <Filter>Dependencies\CryptoPP</Filter>
    </ClCompile>
    <ClCompile Include="Dependencies\CryptoPP\rijndael.cpp">
      <Filter>Dependencies\CryptoPP</Filter>
    </ClCompile>
    <ClCompile Include="Dependencies\CryptoPP\rijndael_simd.cpp">
      <Filter>Dependencies\CryptoPP</Filter>
    </ClCompile>
    <ClCompile Include="Dependencies\CryptoPP\ripemd.cpp">
      <Filter>Dependencies\CryptoPP</Filter>
    </ClCompile>
    <ClCompile Include="Dependencies\CryptoPP\rng.cpp">
      <Filter>Dependencies\CryptoPP</Filter>
    </ClCompile>
    <ClCompile Include="Dependencies\CryptoPP\rsa.cpp">
      <Filter>Dependencies\CryptoPP</Filter>
    </ClCompile>
    <ClCompile Include="Dependencies\CryptoPP\rw.cpp">
      <Filter>Dependencies\CryptoPP</Filter>
    </ClCompile>
    <ClCompile Include="Dependencies\CryptoPP\safer.cpp">
      <Filter>Dependencies\CryptoPP</Filter>
    </ClCompile>
    <ClCompile Include="Dependencies\CryptoPP\salsa.cpp">
      <Filter>Dependencies\CryptoPP</Filter>
    </ClCompile>
    <ClCompile Include="Dependencies\CryptoPP\scrypt.cpp">
      <Filter>Dependencies\CryptoPP</Filter>
    </ClCompile>
    <ClCompile Include="Dependencies\CryptoPP\seal.cpp">
      <Filter>Dependencies\CryptoPP</Filter>
    </ClCompile>
    <ClCompile Include="Dependencies\CryptoPP\seed.cpp">
      <Filter>Dependencies\CryptoPP</Filter>
    </ClCompile>
    <ClCompile Include="Dependencies\CryptoPP\serpent.cpp">
      <Filter>Dependencies\CryptoPP</Filter>
    </ClCompile>
    <ClCompile Include="Dependencies\CryptoPP\sha.cpp">
      <Filter>Dependencies\CryptoPP</Filter>
    </ClCompile>
    <ClCompile Include="Dependencies\CryptoPP\sha_simd.cpp">
      <Filter>Dependencies\CryptoPP</Filter>
    </ClCompile>
    <ClCompile Include="Dependencies\CryptoPP\sha3.cpp">
      <Filter>Dependencies\CryptoPP</Filter>
    </ClCompile>
    <ClCompile Include="Dependencies\CryptoPP\shacal2.cpp">
      <Filter>Dependencies\CryptoPP</Filter>
    </ClCompile>
    <ClCompile Include="Dependencies\CryptoPP\shacal2_simd.cpp">
      <Filter>Dependencies\CryptoPP</Filter>
    </ClCompile>
    <ClCompile Include="Dependencies\CryptoPP\shake.cpp">
      <Filter>Dependencies\CryptoPP</Filter>
    </ClCompile>
    <ClCompile Include="Dependencies\CryptoPP\shark.cpp">
      <Filter>Dependencies\CryptoPP</Filter>
    </ClCompile>
    <ClCompile Include="Dependencies\CryptoPP\sharkbox.cpp">
      <Filter>Dependencies\CryptoPP</Filter>
    </ClCompile>
    <ClCompile Include="Dependencies\CryptoPP\simeck.cpp">
      <Filter>Dependencies\CryptoPP</Filter>
    </ClCompile>
    <ClCompile Include="Dependencies\CryptoPP\simon.cpp">
      <Filter>Dependencies\CryptoPP</Filter>
    </ClCompile>
    <ClCompile Include="Dependencies\CryptoPP\simon128_simd.cpp">
      <Filter>Dependencies\CryptoPP</Filter>
    </ClCompile>
    <ClCompile Include="Dependencies\CryptoPP\simple.cpp">
      <Filter>Dependencies\CryptoPP</Filter>
    </ClCompile>
    <ClCompile Include="Dependencies\CryptoPP\skipjack.cpp">
      <Filter>Dependencies\CryptoPP</Filter>
    </ClCompile>
    <ClCompile Include="Dependencies\CryptoPP\sm3.cpp">
      <Filter>Dependencies\CryptoPP</Filter>
    </ClCompile>
    <ClCompile Include="Dependencies\CryptoPP\sm4.cpp">
      <Filter>Dependencies\CryptoPP</Filter>
    </ClCompile>
    <ClCompile Include="Dependencies\CryptoPP\sm4_simd.cpp">
      <Filter>Dependencies\CryptoPP</Filter>
    </ClCompile>
    <ClCompile Include="Dependencies\CryptoPP\sosemanuk.cpp">
      <Filter>Dependencies\CryptoPP</Filter>
    </ClCompile>
    <ClCompile Include="Dependencies\CryptoPP\speck.cpp">
      <Filter>Dependencies\CryptoPP</Filter>
    </ClCompile>
    <ClCompile Include="Dependencies\CryptoPP\speck128_simd.cpp">
      <Filter>Dependencies\CryptoPP</Filter>
    </ClCompile>
    <ClCompile Include="Dependencies\CryptoPP\square.cpp">
      <Filter>Dependencies\CryptoPP</Filter>
    </ClCompile>
    <ClCompile Include="Dependencies\CryptoPP\squaretb.cpp">
      <Filter>Dependencies\CryptoPP</Filter>
    </ClCompile>
    <ClCompile Include="Dependencies\CryptoPP\sse_simd.cpp">
      <Filter>Dependencies\CryptoPP</Filter>
    </ClCompile>
    <ClCompile Include="Dependencies\CryptoPP\strciphr.cpp">
      <Filter>Dependencies\CryptoPP</Filter>
    </ClCompile>
    <ClCompile Include="Dependencies\CryptoPP\tea.cpp">
      <Filter>Dependencies\CryptoPP</Filter>
    </ClCompile>
    <ClCompile Include="Dependencies\CryptoPP\tftables.cpp">
      <Filter>Dependencies\CryptoPP</Filter>
    </ClCompile>
    <ClCompile Include="Dependencies\CryptoPP\threefish.cpp">
      <Filter>Dependencies\CryptoPP</Filter>
    </ClCompile>
    <ClCompile Include="Dependencies\CryptoPP\tiger.cpp">
      <Filter>Dependencies\CryptoPP</Filter>
    </ClCompile>
    <ClCompile Include="Dependencies\CryptoPP\tigertab.cpp">
      <Filter>Dependencies\CryptoPP</Filter>
    </ClCompile>
    <ClCompile Include="Dependencies\CryptoPP\ttmac.cpp">
      <Filter>Dependencies\CryptoPP</Filter>
    </ClCompile>
    <ClCompile Include="Dependencies\CryptoPP\tweetnacl.cpp">
      <Filter>Dependencies\CryptoPP</Filter>
    </ClCompile>
    <ClCompile Include="Dependencies\CryptoPP\twofish.cpp">
      <Filter>Dependencies\CryptoPP</Filter>
    </ClCompile>
    <ClCompile Include="Dependencies\CryptoPP\vmac.cpp">
      <Filter>Dependencies\CryptoPP</Filter>
    </ClCompile>
    <ClCompile Include="Dependencies\CryptoPP\wake.cpp">
      <Filter>Dependencies\CryptoPP</Filter>
    </ClCompile>
    <ClCompile Include="Dependencies\CryptoPP\whrlpool.cpp">
      <Filter>Dependencies\CryptoPP</Filter>
    </ClCompile>
    <ClCompile Include="Dependencies\CryptoPP\xed25519.cpp">
      <Filter>Dependencies\CryptoPP</Filter>
    </ClCompile>
    <ClCompile Include="Dependencies\CryptoPP\xtr.cpp">
      <Filter>Dependencies\CryptoPP</Filter>
    </ClCompile>
    <ClCompile Include="Dependencies\CryptoPP\xtrcrypt.cpp">
      <Filter>Dependencies\CryptoPP</Filter>
    </ClCompile>
    <ClCompile Include="Dependencies\CryptoPP\xts.cpp">
      <Filter>Dependencies\CryptoPP</Filter>
    </ClCompile>
    <ClCompile Include="Dependencies\CryptoPP\zdeflate.cpp">
      <Filter>Dependencies\CryptoPP</Filter>
    </ClCompile>
    <ClCompile Include="Dependencies\CryptoPP\zinflate.cpp">
      <Filter>Dependencies\CryptoPP</Filter>
    </ClCompile>
    <ClCompile Include="Dependencies\CryptoPP\zlib.cpp">
      <Filter>Dependencies\CryptoPP</Filter>
    </ClCompile>
    <ClCompile Include="Communication\User.cpp">
      <Filter>Communication</Filter>
    </ClCompile>
    <ClCompile Include="Communication\Game.cpp">
      <Filter>Communication</Filter>
    </ClCompile>
    <ClCompile Include="Communication\Cheat.cpp">
      <Filter>Communication</Filter>
    </ClCompile>
    <ClCompile Include="Injection\ProcessHollowing\ProcessHollowing.cpp">
      <Filter>Injection\ProcessHollowing</Filter>
    </ClCompile>
    <ClCompile Include="Dependencies\CryptoPP\pem_common.cpp">
      <Filter>Dependencies\CryptoPP</Filter>
    </ClCompile>
    <ClCompile Include="Dependencies\CryptoPP\pem_read.cpp">
      <Filter>Dependencies\CryptoPP</Filter>
    </ClCompile>
    <ClCompile Include="Dependencies\CryptoPP\pem_write.cpp">
      <Filter>Dependencies\CryptoPP</Filter>
    </ClCompile>
    <ClCompile Include="Dependencies\CryptoPP\x509cert.cpp">
      <Filter>Dependencies\CryptoPP</Filter>
    </ClCompile>
    <ClCompile Include="Dependencies\CryptoPP\badcert.cxx">
      <Filter>Dependencies\CryptoPP</Filter>
    </ClCompile>
    <ClCompile Include="Communication\Crypto\CryptoProvider.cpp">
      <Filter>Communication\Crypto</Filter>
    </ClCompile>
    <ClCompile Include="Communication\TCP\TCPClient.cpp">
      <Filter>Communication\TCP</Filter>
    </ClCompile>
    <ClCompile Include="Communication\Packets\Requests\HandshakeRequest.cpp">
      <Filter>Communication\Packets\Requests</Filter>
    </ClCompile>
    <ClCompile Include="Communication\Packets\Responses\HandshakeResponse.cpp">
      <Filter>Communication\Packets\Responses</Filter>
    </ClCompile>
    <ClCompile Include="Communication\Packets\Requests\LoginRequest.cpp">
      <Filter>Communication\Packets\Requests</Filter>
    </ClCompile>
    <ClCompile Include="Communication\Packets\Responses\LoginResponse.cpp">
      <Filter>Communication\Packets\Responses</Filter>
    </ClCompile>
    <ClCompile Include="Communication\Packets\Requests\LoaderStreamRequest.cpp">
      <Filter>Communication\Packets\Requests</Filter>
    </ClCompile>
    <ClCompile Include="Communication\Packets\Responses\LoaderStreamResponse.cpp">
      <Filter>Communication\Packets\Responses</Filter>
    </ClCompile>
    <ClCompile Include="Injection\DataWriter.cpp">
      <Filter>Injection</Filter>
    </ClCompile>
    <ClCompile Include="Communication\Packets\PacketSerializer.cpp">
      <Filter>Communication\Packets</Filter>
    </ClCompile>
    <ClCompile Include="Communication\Crypto\Mha256.cpp">
      <Filter>Communication\Crypto</Filter>
    </ClCompile>
  </ItemGroup>
  <ItemGroup>
    <Filter Include="Dependencies">
      <UniqueIdentifier>{cb14620d-49aa-466a-86d3-f217454f317e}</UniqueIdentifier>
    </Filter>
    <Filter Include="Dependencies\GLFW">
      <UniqueIdentifier>{f325b33c-dd9d-431e-9b7e-cf91ec1b550c}</UniqueIdentifier>
    </Filter>
    <Filter Include="Dependencies\ImGui">
      <UniqueIdentifier>{e6f79946-7677-4e0b-b8d7-63854433dcb8}</UniqueIdentifier>
    </Filter>
    <Filter Include="UI">
      <UniqueIdentifier>{885fdb0f-62f1-4e2f-9621-50cd40423b49}</UniqueIdentifier>
    </Filter>
    <Filter Include="Dependencies\ImGui\backends">
      <UniqueIdentifier>{f43a4dc5-5857-46b9-ad47-03d75dd26d84}</UniqueIdentifier>
    </Filter>
    <Filter Include="UI\Assets">
      <UniqueIdentifier>{64b6c2de-87f3-4128-b0bb-52707bec1a2e}</UniqueIdentifier>
    </Filter>
    <Filter Include="UI\Widgets">
      <UniqueIdentifier>{353e2b43-eedd-41a5-865e-9df66746ec9a}</UniqueIdentifier>
    </Filter>
    <Filter Include="Dependencies\stb">
      <UniqueIdentifier>{2d312cd8-0395-4545-8ba3-094764b028bf}</UniqueIdentifier>
    </Filter>
    <Filter Include="Utilities">
      <UniqueIdentifier>{a17f5068-5da8-4733-aef4-4637cdd1a3d5}</UniqueIdentifier>
    </Filter>
    <Filter Include="Utilities\Security">
      <UniqueIdentifier>{acf331fd-525b-4a38-9543-c989f923f86f}</UniqueIdentifier>
    </Filter>
    <Filter Include="Communication">
      <UniqueIdentifier>{5fb94bbf-f505-49f6-89ea-0b41098e1b97}</UniqueIdentifier>
    </Filter>
    <Filter Include="Utilities\Textures">
      <UniqueIdentifier>{163bf13b-1de5-4448-b3f5-07bc0c68295b}</UniqueIdentifier>
    </Filter>
    <Filter Include="Dependencies\curl">
      <UniqueIdentifier>{06d86e6b-74c7-479a-a197-bbeaa454b799}</UniqueIdentifier>
    </Filter>
    <Filter Include="Utilities\Strings">
      <UniqueIdentifier>{f92dbd69-c75c-4614-9a9c-42d1a86d44da}</UniqueIdentifier>
    </Filter>
    <Filter Include="Utilities\Crypto">
      <UniqueIdentifier>{b2cbb001-f164-4008-8b52-23228a18788c}</UniqueIdentifier>
    </Filter>
    <Filter Include="Dependencies\CryptoPP">
      <UniqueIdentifier>{48f4074c-d74d-4980-aa70-266afd80e161}</UniqueIdentifier>
    </Filter>
    <Filter Include="Utilities\Hardware">
      <UniqueIdentifier>{823fdcbd-9a34-41b7-a632-b60dbf9104cf}</UniqueIdentifier>
    </Filter>
    <Filter Include="Utilities\Autofill">
      <UniqueIdentifier>{613e61c8-4b7a-4333-b7da-3fab811aa1bc}</UniqueIdentifier>
    </Filter>
    <Filter Include="Dependencies\ThemidaSDK">
      <UniqueIdentifier>{d821faf6-8368-4ca2-9a9e-7a4641ba4c1c}</UniqueIdentifier>
    </Filter>
    <Filter Include="Injection">
      <UniqueIdentifier>{52d9ddbe-9d5c-46f4-93e6-aa385226c753}</UniqueIdentifier>
    </Filter>
    <Filter Include="Injection\ProcessHollowing">
      <UniqueIdentifier>{d27d278d-2620-4319-be61-458089e8df2d}</UniqueIdentifier>
    </Filter>
    <Filter Include="Communication\TCP">
      <UniqueIdentifier>{1e619c2d-19dd-4b46-b866-3ab1221d88a2}</UniqueIdentifier>
    </Filter>
    <Filter Include="Communication\Crypto">
      <UniqueIdentifier>{e4242563-d6e9-4509-8623-6d93cdb8cd10}</UniqueIdentifier>
    </Filter>
    <Filter Include="Communication\Packets">
      <UniqueIdentifier>{3d657414-3433-4d83-bcdc-e9ca0b8f0c75}</UniqueIdentifier>
    </Filter>
    <Filter Include="Communication\Packets\Requests">
      <UniqueIdentifier>{08d80ec7-5577-49a1-bad2-8658b6deaca5}</UniqueIdentifier>
    </Filter>
    <Filter Include="Communication\Packets\Responses">
      <UniqueIdentifier>{3dc32f14-615f-4f79-b7fc-1cd0fa22dbcb}</UniqueIdentifier>
    </Filter>
    <Filter Include="Dependencies\Fnv1a">
      <UniqueIdentifier>{43fc119d-cec5-40c9-8d53-746f7b8fe2cc}</UniqueIdentifier>
    </Filter>
    <Filter Include="Dependencies\entt">
      <UniqueIdentifier>{f824785d-3a82-4ebc-930d-04abe7b6f3a3}</UniqueIdentifier>
    </Filter>
    <Filter Include="Dependencies\entt\meta">
      <UniqueIdentifier>{13891f77-243d-4ddf-b655-f4b9c1190243}</UniqueIdentifier>
    </Filter>
    <Filter Include="Dependencies\entt\locator">
      <UniqueIdentifier>{f38e565b-72be-4c29-8d92-2fa164be3f41}</UniqueIdentifier>
    </Filter>
    <Filter Include="Dependencies\entt\core">
      <UniqueIdentifier>{f16b8b41-a163-41bb-bb6a-ccc5503e93dc}</UniqueIdentifier>
    </Filter>
    <Filter Include="Dependencies\entt\container">
      <UniqueIdentifier>{50ea4f10-07f5-46fc-8f66-88d50d506f9e}</UniqueIdentifier>
    </Filter>
    <Filter Include="Dependencies\entt\config">
      <UniqueIdentifier>{11a0c87f-1361-4b2f-ab2f-91c52113b7aa}</UniqueIdentifier>
    </Filter>
    <Filter Include="Dependencies\Singleton">
      <UniqueIdentifier>{c3cc0f05-99bf-4687-8b40-5fc24140c7df}</UniqueIdentifier>
    </Filter>
    <Filter Include="Utilities\Reflection">
      <UniqueIdentifier>{16fa8900-82cc-4724-8e3b-0fd7559c7b66}</UniqueIdentifier>
    </Filter>
  </ItemGroup>
  <ItemGroup>
    <ClInclude Include="Dependencies\GLFW\glfw3.h">
      <Filter>Dependencies\GLFW</Filter>
    </ClInclude>
    <ClInclude Include="Dependencies\GLFW\glfw3native.h">
      <Filter>Dependencies\GLFW</Filter>
    </ClInclude>
    <ClInclude Include="UI\UI.h">
      <Filter>UI</Filter>
    </ClInclude>
    <ClInclude Include="Dependencies\ImGui\imconfig.h">
      <Filter>Dependencies\ImGui</Filter>
    </ClInclude>
    <ClInclude Include="Dependencies\ImGui\imgui.h">
      <Filter>Dependencies\ImGui</Filter>
    </ClInclude>
    <ClInclude Include="Dependencies\ImGui\imgui_internal.h">
      <Filter>Dependencies\ImGui</Filter>
    </ClInclude>
    <ClInclude Include="Dependencies\ImGui\imstb_rectpack.h">
      <Filter>Dependencies\ImGui</Filter>
    </ClInclude>
    <ClInclude Include="Dependencies\ImGui\imstb_textedit.h">
      <Filter>Dependencies\ImGui</Filter>
    </ClInclude>
    <ClInclude Include="Dependencies\ImGui\imstb_truetype.h">
      <Filter>Dependencies\ImGui</Filter>
    </ClInclude>
    <ClInclude Include="Dependencies\ImGui\backends\imgui_impl_glfw.h">
      <Filter>Dependencies\ImGui\backends</Filter>
    </ClInclude>
    <ClInclude Include="Dependencies\ImGui\backends\imgui_impl_opengl3.h">
      <Filter>Dependencies\ImGui\backends</Filter>
    </ClInclude>
    <ClInclude Include="Dependencies\ImGui\backends\imgui_impl_win32.h">
      <Filter>Dependencies\ImGui\backends</Filter>
    </ClInclude>
    <ClInclude Include="Dependencies\ImGui\backends\imgui_impl_opengl3_loader.h">
      <Filter>Dependencies\ImGui\backends</Filter>
    </ClInclude>
    <ClInclude Include="Dependencies\stb\stb.h">
      <Filter>Dependencies\stb</Filter>
    </ClInclude>
    <ClInclude Include="Dependencies\stb\stb_image.h">
      <Filter>Dependencies\stb</Filter>
    </ClInclude>
    <ClInclude Include="UI\StyleProvider.h">
      <Filter>UI</Filter>
    </ClInclude>
    <ClInclude Include="UI\Assets\Fonts.h">
      <Filter>UI\Assets</Filter>
    </ClInclude>
    <ClInclude Include="UI\Assets\Textures.h">
      <Filter>UI\Assets</Filter>
    </ClInclude>
    <ClInclude Include="UI\Widgets\Widgets.h">
      <Filter>UI\Widgets</Filter>
    </ClInclude>
    <ClInclude Include="Utilities\Security\xorstr.hpp">
      <Filter>Utilities\Security</Filter>
    </ClInclude>
    <ClInclude Include="Communication\Communication.h">
      <Filter>Communication</Filter>
    </ClInclude>
    <ClInclude Include="Communication\Game.h">
      <Filter>Communication</Filter>
    </ClInclude>
    <ClInclude Include="Communication\User.h">
      <Filter>Communication</Filter>
    </ClInclude>
    <ClInclude Include="Communication\Cheat.h">
      <Filter>Communication</Filter>
    </ClInclude>
    <ClInclude Include="Utilities\Textures\TextureLoader.h">
      <Filter>Utilities\Textures</Filter>
    </ClInclude>
    <ClInclude Include="Utilities\Strings\StringUtilities.h">
      <Filter>Utilities\Strings</Filter>
    </ClInclude>
    <ClInclude Include="Communication\States.h">
      <Filter>Communication</Filter>
    </ClInclude>
    <ClInclude Include="Utilities\Crypto\CryptoUtilities.h">
      <Filter>Utilities\Crypto</Filter>
    </ClInclude>
    <ClInclude Include="Utilities\Hardware\HardwareUtilities.h">
      <Filter>Utilities\Hardware</Filter>
    </ClInclude>
    <ClInclude Include="Utilities\Hardware\smbios.h">
      <Filter>Utilities\Hardware</Filter>
    </ClInclude>
    <ClInclude Include="Utilities\Autofill\AutofillUtilities.h">
      <Filter>Utilities\Autofill</Filter>
    </ClInclude>
    <ClInclude Include="Dependencies\ThemidaSDK\SecureEngineCustomVMs.h">
      <Filter>Dependencies\ThemidaSDK</Filter>
    </ClInclude>
    <ClInclude Include="Dependencies\ThemidaSDK\SecureEngineCustomVMs_BorlandC_inline.h">
      <Filter>Dependencies\ThemidaSDK</Filter>
    </ClInclude>
    <ClInclude Include="Dependencies\ThemidaSDK\SecureEngineCustomVMs_GNU_inline.h">
      <Filter>Dependencies\ThemidaSDK</Filter>
    </ClInclude>
    <ClInclude Include="Dependencies\ThemidaSDK\SecureEngineCustomVMs_ICL_inline.h">
      <Filter>Dependencies\ThemidaSDK</Filter>
    </ClInclude>
    <ClInclude Include="Dependencies\ThemidaSDK\SecureEngineCustomVMs_LCC_inline.h">
      <Filter>Dependencies\ThemidaSDK</Filter>
    </ClInclude>
    <ClInclude Include="Dependencies\ThemidaSDK\SecureEngineCustomVMs_VC_inline.h">
      <Filter>Dependencies\ThemidaSDK</Filter>
    </ClInclude>
    <ClInclude Include="Dependencies\ThemidaSDK\ThemidaSDK.h">
      <Filter>Dependencies\ThemidaSDK</Filter>
    </ClInclude>
    <ClInclude Include="Dependencies\curl\easy.h">
      <Filter>Dependencies\curl</Filter>
    </ClInclude>
    <ClInclude Include="Dependencies\curl\header.h">
      <Filter>Dependencies\curl</Filter>
    </ClInclude>
    <ClInclude Include="Dependencies\curl\mprintf.h">
      <Filter>Dependencies\curl</Filter>
    </ClInclude>
    <ClInclude Include="Dependencies\curl\multi.h">
      <Filter>Dependencies\curl</Filter>
    </ClInclude>
    <ClInclude Include="Dependencies\curl\options.h">
      <Filter>Dependencies\curl</Filter>
    </ClInclude>
    <ClInclude Include="Dependencies\curl\stdcheaders.h">
      <Filter>Dependencies\curl</Filter>
    </ClInclude>
    <ClInclude Include="Dependencies\curl\system.h">
      <Filter>Dependencies\curl</Filter>
    </ClInclude>
    <ClInclude Include="Dependencies\curl\typecheck-gcc.h">
      <Filter>Dependencies\curl</Filter>
    </ClInclude>
    <ClInclude Include="Dependencies\curl\urlapi.h">
      <Filter>Dependencies\curl</Filter>
    </ClInclude>
    <ClInclude Include="Dependencies\curl\curl.h">
      <Filter>Dependencies\curl</Filter>
    </ClInclude>
    <ClInclude Include="Dependencies\curl\curlver.h">
      <Filter>Dependencies\curl</Filter>
    </ClInclude>
    <ClInclude Include="Dependencies\CryptoPP\3way.h">
      <Filter>Dependencies\CryptoPP</Filter>
    </ClInclude>
    <ClInclude Include="Dependencies\CryptoPP\adler32.h">
      <Filter>Dependencies\CryptoPP</Filter>
    </ClInclude>
    <ClInclude Include="Dependencies\CryptoPP\adv_simd.h">
      <Filter>Dependencies\CryptoPP</Filter>
    </ClInclude>
    <ClInclude Include="Dependencies\CryptoPP\aes.h">
      <Filter>Dependencies\CryptoPP</Filter>
    </ClInclude>
    <ClInclude Include="Dependencies\CryptoPP\aes_armv4.h">
      <Filter>Dependencies\CryptoPP</Filter>
    </ClInclude>
    <ClInclude Include="Dependencies\CryptoPP\algebra.h">
      <Filter>Dependencies\CryptoPP</Filter>
    </ClInclude>
    <ClInclude Include="Dependencies\CryptoPP\algparam.h">
      <Filter>Dependencies\CryptoPP</Filter>
    </ClInclude>
    <ClInclude Include="Dependencies\CryptoPP\allocate.h">
      <Filter>Dependencies\CryptoPP</Filter>
    </ClInclude>
    <ClInclude Include="Dependencies\CryptoPP\arc4.h">
      <Filter>Dependencies\CryptoPP</Filter>
    </ClInclude>
    <ClInclude Include="Dependencies\CryptoPP\argnames.h">
      <Filter>Dependencies\CryptoPP</Filter>
    </ClInclude>
    <ClInclude Include="Dependencies\CryptoPP\aria.h">
      <Filter>Dependencies\CryptoPP</Filter>
    </ClInclude>
    <ClInclude Include="Dependencies\CryptoPP\arm_simd.h">
      <Filter>Dependencies\CryptoPP</Filter>
    </ClInclude>
    <ClInclude Include="Dependencies\CryptoPP\asn.h">
      <Filter>Dependencies\CryptoPP</Filter>
    </ClInclude>
    <ClInclude Include="Dependencies\CryptoPP\authenc.h">
      <Filter>Dependencies\CryptoPP</Filter>
    </ClInclude>
    <ClInclude Include="Dependencies\CryptoPP\base32.h">
      <Filter>Dependencies\CryptoPP</Filter>
    </ClInclude>
    <ClInclude Include="Dependencies\CryptoPP\base64.h">
      <Filter>Dependencies\CryptoPP</Filter>
    </ClInclude>
    <ClInclude Include="Dependencies\CryptoPP\basecode.h">
      <Filter>Dependencies\CryptoPP</Filter>
    </ClInclude>
    <ClInclude Include="Dependencies\CryptoPP\blake2.h">
      <Filter>Dependencies\CryptoPP</Filter>
    </ClInclude>
    <ClInclude Include="Dependencies\CryptoPP\blowfish.h">
      <Filter>Dependencies\CryptoPP</Filter>
    </ClInclude>
    <ClInclude Include="Dependencies\CryptoPP\blumshub.h">
      <Filter>Dependencies\CryptoPP</Filter>
    </ClInclude>
    <ClInclude Include="Dependencies\CryptoPP\camellia.h">
      <Filter>Dependencies\CryptoPP</Filter>
    </ClInclude>
    <ClInclude Include="Dependencies\CryptoPP\cast.h">
      <Filter>Dependencies\CryptoPP</Filter>
    </ClInclude>
    <ClInclude Include="Dependencies\CryptoPP\cbcmac.h">
      <Filter>Dependencies\CryptoPP</Filter>
    </ClInclude>
    <ClInclude Include="Dependencies\CryptoPP\ccm.h">
      <Filter>Dependencies\CryptoPP</Filter>
    </ClInclude>
    <ClInclude Include="Dependencies\CryptoPP\chacha.h">
      <Filter>Dependencies\CryptoPP</Filter>
    </ClInclude>
    <ClInclude Include="Dependencies\CryptoPP\chachapoly.h">
      <Filter>Dependencies\CryptoPP</Filter>
    </ClInclude>
    <ClInclude Include="Dependencies\CryptoPP\cham.h">
      <Filter>Dependencies\CryptoPP</Filter>
    </ClInclude>
    <ClInclude Include="Dependencies\CryptoPP\channels.h">
      <Filter>Dependencies\CryptoPP</Filter>
    </ClInclude>
    <ClInclude Include="Dependencies\CryptoPP\cmac.h">
      <Filter>Dependencies\CryptoPP</Filter>
    </ClInclude>
    <ClInclude Include="Dependencies\CryptoPP\config.h">
      <Filter>Dependencies\CryptoPP</Filter>
    </ClInclude>
    <ClInclude Include="Dependencies\CryptoPP\config_align.h">
      <Filter>Dependencies\CryptoPP</Filter>
    </ClInclude>
    <ClInclude Include="Dependencies\CryptoPP\config_asm.h">
      <Filter>Dependencies\CryptoPP</Filter>
    </ClInclude>
    <ClInclude Include="Dependencies\CryptoPP\config_cpu.h">
      <Filter>Dependencies\CryptoPP</Filter>
    </ClInclude>
    <ClInclude Include="Dependencies\CryptoPP\config_cxx.h">
      <Filter>Dependencies\CryptoPP</Filter>
    </ClInclude>
    <ClInclude Include="Dependencies\CryptoPP\config_dll.h">
      <Filter>Dependencies\CryptoPP</Filter>
    </ClInclude>
    <ClInclude Include="Dependencies\CryptoPP\config_int.h">
      <Filter>Dependencies\CryptoPP</Filter>
    </ClInclude>
    <ClInclude Include="Dependencies\CryptoPP\config_misc.h">
      <Filter>Dependencies\CryptoPP</Filter>
    </ClInclude>
    <ClInclude Include="Dependencies\CryptoPP\config_ns.h">
      <Filter>Dependencies\CryptoPP</Filter>
    </ClInclude>
    <ClInclude Include="Dependencies\CryptoPP\config_os.h">
      <Filter>Dependencies\CryptoPP</Filter>
    </ClInclude>
    <ClInclude Include="Dependencies\CryptoPP\config_ver.h">
      <Filter>Dependencies\CryptoPP</Filter>
    </ClInclude>
    <ClInclude Include="Dependencies\CryptoPP\cpu.h">
      <Filter>Dependencies\CryptoPP</Filter>
    </ClInclude>
    <ClInclude Include="Dependencies\CryptoPP\crc.h">
      <Filter>Dependencies\CryptoPP</Filter>
    </ClInclude>
    <ClInclude Include="Dependencies\CryptoPP\cryptlib.h">
      <Filter>Dependencies\CryptoPP</Filter>
    </ClInclude>
    <ClInclude Include="Dependencies\CryptoPP\darn.h">
      <Filter>Dependencies\CryptoPP</Filter>
    </ClInclude>
    <ClInclude Include="Dependencies\CryptoPP\default.h">
      <Filter>Dependencies\CryptoPP</Filter>
    </ClInclude>
    <ClInclude Include="Dependencies\CryptoPP\des.h">
      <Filter>Dependencies\CryptoPP</Filter>
    </ClInclude>
    <ClInclude Include="Dependencies\CryptoPP\dh.h">
      <Filter>Dependencies\CryptoPP</Filter>
    </ClInclude>
    <ClInclude Include="Dependencies\CryptoPP\dh2.h">
      <Filter>Dependencies\CryptoPP</Filter>
    </ClInclude>
    <ClInclude Include="Dependencies\CryptoPP\dll.h">
      <Filter>Dependencies\CryptoPP</Filter>
    </ClInclude>
    <ClInclude Include="Dependencies\CryptoPP\dmac.h">
      <Filter>Dependencies\CryptoPP</Filter>
    </ClInclude>
    <ClInclude Include="Dependencies\CryptoPP\donna.h">
      <Filter>Dependencies\CryptoPP</Filter>
    </ClInclude>
    <ClInclude Include="Dependencies\CryptoPP\donna_32.h">
      <Filter>Dependencies\CryptoPP</Filter>
    </ClInclude>
    <ClInclude Include="Dependencies\CryptoPP\donna_64.h">
      <Filter>Dependencies\CryptoPP</Filter>
    </ClInclude>
    <ClInclude Include="Dependencies\CryptoPP\donna_sse.h">
      <Filter>Dependencies\CryptoPP</Filter>
    </ClInclude>
    <ClInclude Include="Dependencies\CryptoPP\drbg.h">
      <Filter>Dependencies\CryptoPP</Filter>
    </ClInclude>
    <ClInclude Include="Dependencies\CryptoPP\dsa.h">
      <Filter>Dependencies\CryptoPP</Filter>
    </ClInclude>
    <ClInclude Include="Dependencies\CryptoPP\eax.h">
      <Filter>Dependencies\CryptoPP</Filter>
    </ClInclude>
    <ClInclude Include="Dependencies\CryptoPP\ec2n.h">
      <Filter>Dependencies\CryptoPP</Filter>
    </ClInclude>
    <ClInclude Include="Dependencies\CryptoPP\eccrypto.h">
      <Filter>Dependencies\CryptoPP</Filter>
    </ClInclude>
    <ClInclude Include="Dependencies\CryptoPP\ecp.h">
      <Filter>Dependencies\CryptoPP</Filter>
    </ClInclude>
    <ClInclude Include="Dependencies\CryptoPP\ecpoint.h">
      <Filter>Dependencies\CryptoPP</Filter>
    </ClInclude>
    <ClInclude Include="Dependencies\CryptoPP\elgamal.h">
      <Filter>Dependencies\CryptoPP</Filter>
    </ClInclude>
    <ClInclude Include="Dependencies\CryptoPP\emsa2.h">
      <Filter>Dependencies\CryptoPP</Filter>
    </ClInclude>
    <ClInclude Include="Dependencies\CryptoPP\eprecomp.h">
      <Filter>Dependencies\CryptoPP</Filter>
    </ClInclude>
    <ClInclude Include="Dependencies\CryptoPP\esign.h">
      <Filter>Dependencies\CryptoPP</Filter>
    </ClInclude>
    <ClInclude Include="Dependencies\CryptoPP\factory.h">
      <Filter>Dependencies\CryptoPP</Filter>
    </ClInclude>
    <ClInclude Include="Dependencies\CryptoPP\fhmqv.h">
      <Filter>Dependencies\CryptoPP</Filter>
    </ClInclude>
    <ClInclude Include="Dependencies\CryptoPP\files.h">
      <Filter>Dependencies\CryptoPP</Filter>
    </ClInclude>
    <ClInclude Include="Dependencies\CryptoPP\filters.h">
      <Filter>Dependencies\CryptoPP</Filter>
    </ClInclude>
    <ClInclude Include="Dependencies\CryptoPP\fips140.h">
      <Filter>Dependencies\CryptoPP</Filter>
    </ClInclude>
    <ClInclude Include="Dependencies\CryptoPP\fltrimpl.h">
      <Filter>Dependencies\CryptoPP</Filter>
    </ClInclude>
    <ClInclude Include="Dependencies\CryptoPP\gcm.h">
      <Filter>Dependencies\CryptoPP</Filter>
    </ClInclude>
    <ClInclude Include="Dependencies\CryptoPP\gf2_32.h">
      <Filter>Dependencies\CryptoPP</Filter>
    </ClInclude>
    <ClInclude Include="Dependencies\CryptoPP\gf2n.h">
      <Filter>Dependencies\CryptoPP</Filter>
    </ClInclude>
    <ClInclude Include="Dependencies\CryptoPP\gf256.h">
      <Filter>Dependencies\CryptoPP</Filter>
    </ClInclude>
    <ClInclude Include="Dependencies\CryptoPP\gfpcrypt.h">
      <Filter>Dependencies\CryptoPP</Filter>
    </ClInclude>
    <ClInclude Include="Dependencies\CryptoPP\gost.h">
      <Filter>Dependencies\CryptoPP</Filter>
    </ClInclude>
    <ClInclude Include="Dependencies\CryptoPP\gzip.h">
      <Filter>Dependencies\CryptoPP</Filter>
    </ClInclude>
    <ClInclude Include="Dependencies\CryptoPP\hashfwd.h">
      <Filter>Dependencies\CryptoPP</Filter>
    </ClInclude>
    <ClInclude Include="Dependencies\CryptoPP\hc128.h">
      <Filter>Dependencies\CryptoPP</Filter>
    </ClInclude>
    <ClInclude Include="Dependencies\CryptoPP\hc256.h">
      <Filter>Dependencies\CryptoPP</Filter>
    </ClInclude>
    <ClInclude Include="Dependencies\CryptoPP\hex.h">
      <Filter>Dependencies\CryptoPP</Filter>
    </ClInclude>
    <ClInclude Include="Dependencies\CryptoPP\hight.h">
      <Filter>Dependencies\CryptoPP</Filter>
    </ClInclude>
    <ClInclude Include="Dependencies\CryptoPP\hkdf.h">
      <Filter>Dependencies\CryptoPP</Filter>
    </ClInclude>
    <ClInclude Include="Dependencies\CryptoPP\hmac.h">
      <Filter>Dependencies\CryptoPP</Filter>
    </ClInclude>
    <ClInclude Include="Dependencies\CryptoPP\hmqv.h">
      <Filter>Dependencies\CryptoPP</Filter>
    </ClInclude>
    <ClInclude Include="Dependencies\CryptoPP\hrtimer.h">
      <Filter>Dependencies\CryptoPP</Filter>
    </ClInclude>
    <ClInclude Include="Dependencies\CryptoPP\ida.h">
      <Filter>Dependencies\CryptoPP</Filter>
    </ClInclude>
    <ClInclude Include="Dependencies\CryptoPP\idea.h">
      <Filter>Dependencies\CryptoPP</Filter>
    </ClInclude>
    <ClInclude Include="Dependencies\CryptoPP\integer.h">
      <Filter>Dependencies\CryptoPP</Filter>
    </ClInclude>
    <ClInclude Include="Dependencies\CryptoPP\iterhash.h">
      <Filter>Dependencies\CryptoPP</Filter>
    </ClInclude>
    <ClInclude Include="Dependencies\CryptoPP\kalyna.h">
      <Filter>Dependencies\CryptoPP</Filter>
    </ClInclude>
    <ClInclude Include="Dependencies\CryptoPP\keccak.h">
      <Filter>Dependencies\CryptoPP</Filter>
    </ClInclude>
    <ClInclude Include="Dependencies\CryptoPP\lea.h">
      <Filter>Dependencies\CryptoPP</Filter>
    </ClInclude>
    <ClInclude Include="Dependencies\CryptoPP\lsh.h">
      <Filter>Dependencies\CryptoPP</Filter>
    </ClInclude>
    <ClInclude Include="Dependencies\CryptoPP\lubyrack.h">
      <Filter>Dependencies\CryptoPP</Filter>
    </ClInclude>
    <ClInclude Include="Dependencies\CryptoPP\luc.h">
      <Filter>Dependencies\CryptoPP</Filter>
    </ClInclude>
    <ClInclude Include="Dependencies\CryptoPP\mars.h">
      <Filter>Dependencies\CryptoPP</Filter>
    </ClInclude>
    <ClInclude Include="Dependencies\CryptoPP\md2.h">
      <Filter>Dependencies\CryptoPP</Filter>
    </ClInclude>
    <ClInclude Include="Dependencies\CryptoPP\md4.h">
      <Filter>Dependencies\CryptoPP</Filter>
    </ClInclude>
    <ClInclude Include="Dependencies\CryptoPP\md5.h">
      <Filter>Dependencies\CryptoPP</Filter>
    </ClInclude>
    <ClInclude Include="Dependencies\CryptoPP\mdc.h">
      <Filter>Dependencies\CryptoPP</Filter>
    </ClInclude>
    <ClInclude Include="Dependencies\CryptoPP\mersenne.h">
      <Filter>Dependencies\CryptoPP</Filter>
    </ClInclude>
    <ClInclude Include="Dependencies\CryptoPP\misc.h">
      <Filter>Dependencies\CryptoPP</Filter>
    </ClInclude>
    <ClInclude Include="Dependencies\CryptoPP\modarith.h">
      <Filter>Dependencies\CryptoPP</Filter>
    </ClInclude>
    <ClInclude Include="Dependencies\CryptoPP\modes.h">
      <Filter>Dependencies\CryptoPP</Filter>
    </ClInclude>
    <ClInclude Include="Dependencies\CryptoPP\modexppc.h">
      <Filter>Dependencies\CryptoPP</Filter>
    </ClInclude>
    <ClInclude Include="Dependencies\CryptoPP\mqueue.h">
      <Filter>Dependencies\CryptoPP</Filter>
    </ClInclude>
    <ClInclude Include="Dependencies\CryptoPP\mqv.h">
      <Filter>Dependencies\CryptoPP</Filter>
    </ClInclude>
    <ClInclude Include="Dependencies\CryptoPP\naclite.h">
      <Filter>Dependencies\CryptoPP</Filter>
    </ClInclude>
    <ClInclude Include="Dependencies\CryptoPP\nbtheory.h">
      <Filter>Dependencies\CryptoPP</Filter>
    </ClInclude>
    <ClInclude Include="Dependencies\CryptoPP\nr.h">
      <Filter>Dependencies\CryptoPP</Filter>
    </ClInclude>
    <ClInclude Include="Dependencies\CryptoPP\oaep.h">
      <Filter>Dependencies\CryptoPP</Filter>
    </ClInclude>
    <ClInclude Include="Dependencies\CryptoPP\oids.h">
      <Filter>Dependencies\CryptoPP</Filter>
    </ClInclude>
    <ClInclude Include="Dependencies\CryptoPP\osrng.h">
      <Filter>Dependencies\CryptoPP</Filter>
    </ClInclude>
    <ClInclude Include="Dependencies\CryptoPP\ossig.h">
      <Filter>Dependencies\CryptoPP</Filter>
    </ClInclude>
    <ClInclude Include="Dependencies\CryptoPP\padlkrng.h">
      <Filter>Dependencies\CryptoPP</Filter>
    </ClInclude>
    <ClInclude Include="Dependencies\CryptoPP\panama.h">
      <Filter>Dependencies\CryptoPP</Filter>
    </ClInclude>
    <ClInclude Include="Dependencies\CryptoPP\pch.h">
      <Filter>Dependencies\CryptoPP</Filter>
    </ClInclude>
    <ClInclude Include="Dependencies\CryptoPP\pkcspad.h">
      <Filter>Dependencies\CryptoPP</Filter>
    </ClInclude>
    <ClInclude Include="Dependencies\CryptoPP\poly1305.h">
      <Filter>Dependencies\CryptoPP</Filter>
    </ClInclude>
    <ClInclude Include="Dependencies\CryptoPP\polynomi.h">
      <Filter>Dependencies\CryptoPP</Filter>
    </ClInclude>
    <ClInclude Include="Dependencies\CryptoPP\ppc_simd.h">
      <Filter>Dependencies\CryptoPP</Filter>
    </ClInclude>
    <ClInclude Include="Dependencies\CryptoPP\pssr.h">
      <Filter>Dependencies\CryptoPP</Filter>
    </ClInclude>
    <ClInclude Include="Dependencies\CryptoPP\pubkey.h">
      <Filter>Dependencies\CryptoPP</Filter>
    </ClInclude>
    <ClInclude Include="Dependencies\CryptoPP\pwdbased.h">
      <Filter>Dependencies\CryptoPP</Filter>
    </ClInclude>
    <ClInclude Include="Dependencies\CryptoPP\queue.h">
      <Filter>Dependencies\CryptoPP</Filter>
    </ClInclude>
    <ClInclude Include="Dependencies\CryptoPP\rabbit.h">
      <Filter>Dependencies\CryptoPP</Filter>
    </ClInclude>
    <ClInclude Include="Dependencies\CryptoPP\rabin.h">
      <Filter>Dependencies\CryptoPP</Filter>
    </ClInclude>
    <ClInclude Include="Dependencies\CryptoPP\randpool.h">
      <Filter>Dependencies\CryptoPP</Filter>
    </ClInclude>
    <ClInclude Include="Dependencies\CryptoPP\rc2.h">
      <Filter>Dependencies\CryptoPP</Filter>
    </ClInclude>
    <ClInclude Include="Dependencies\CryptoPP\rc5.h">
      <Filter>Dependencies\CryptoPP</Filter>
    </ClInclude>
    <ClInclude Include="Dependencies\CryptoPP\rc6.h">
      <Filter>Dependencies\CryptoPP</Filter>
    </ClInclude>
    <ClInclude Include="Dependencies\CryptoPP\rdrand.h">
      <Filter>Dependencies\CryptoPP</Filter>
    </ClInclude>
    <ClInclude Include="Dependencies\CryptoPP\resource.h">
      <Filter>Dependencies\CryptoPP</Filter>
    </ClInclude>
    <ClInclude Include="Dependencies\CryptoPP\rijndael.h">
      <Filter>Dependencies\CryptoPP</Filter>
    </ClInclude>
    <ClInclude Include="Dependencies\CryptoPP\ripemd.h">
      <Filter>Dependencies\CryptoPP</Filter>
    </ClInclude>
    <ClInclude Include="Dependencies\CryptoPP\rng.h">
      <Filter>Dependencies\CryptoPP</Filter>
    </ClInclude>
    <ClInclude Include="Dependencies\CryptoPP\rsa.h">
      <Filter>Dependencies\CryptoPP</Filter>
    </ClInclude>
    <ClInclude Include="Dependencies\CryptoPP\rw.h">
      <Filter>Dependencies\CryptoPP</Filter>
    </ClInclude>
    <ClInclude Include="Dependencies\CryptoPP\safer.h">
      <Filter>Dependencies\CryptoPP</Filter>
    </ClInclude>
    <ClInclude Include="Dependencies\CryptoPP\salsa.h">
      <Filter>Dependencies\CryptoPP</Filter>
    </ClInclude>
    <ClInclude Include="Dependencies\CryptoPP\scrypt.h">
      <Filter>Dependencies\CryptoPP</Filter>
    </ClInclude>
    <ClInclude Include="Dependencies\CryptoPP\seal.h">
      <Filter>Dependencies\CryptoPP</Filter>
    </ClInclude>
    <ClInclude Include="Dependencies\CryptoPP\secblock.h">
      <Filter>Dependencies\CryptoPP</Filter>
    </ClInclude>
    <ClInclude Include="Dependencies\CryptoPP\secblockfwd.h">
      <Filter>Dependencies\CryptoPP</Filter>
    </ClInclude>
    <ClInclude Include="Dependencies\CryptoPP\seckey.h">
      <Filter>Dependencies\CryptoPP</Filter>
    </ClInclude>
    <ClInclude Include="Dependencies\CryptoPP\seed.h">
      <Filter>Dependencies\CryptoPP</Filter>
    </ClInclude>
    <ClInclude Include="Dependencies\CryptoPP\serpent.h">
      <Filter>Dependencies\CryptoPP</Filter>
    </ClInclude>
    <ClInclude Include="Dependencies\CryptoPP\serpentp.h">
      <Filter>Dependencies\CryptoPP</Filter>
    </ClInclude>
    <ClInclude Include="Dependencies\CryptoPP\sha.h">
      <Filter>Dependencies\CryptoPP</Filter>
    </ClInclude>
    <ClInclude Include="Dependencies\CryptoPP\sha1_armv4.h">
      <Filter>Dependencies\CryptoPP</Filter>
    </ClInclude>
    <ClInclude Include="Dependencies\CryptoPP\sha3.h">
      <Filter>Dependencies\CryptoPP</Filter>
    </ClInclude>
    <ClInclude Include="Dependencies\CryptoPP\sha256_armv4.h">
      <Filter>Dependencies\CryptoPP</Filter>
    </ClInclude>
    <ClInclude Include="Dependencies\CryptoPP\sha512_armv4.h">
      <Filter>Dependencies\CryptoPP</Filter>
    </ClInclude>
    <ClInclude Include="Dependencies\CryptoPP\shacal2.h">
      <Filter>Dependencies\CryptoPP</Filter>
    </ClInclude>
    <ClInclude Include="Dependencies\CryptoPP\shake.h">
      <Filter>Dependencies\CryptoPP</Filter>
    </ClInclude>
    <ClInclude Include="Dependencies\CryptoPP\shark.h">
      <Filter>Dependencies\CryptoPP</Filter>
    </ClInclude>
    <ClInclude Include="Dependencies\CryptoPP\simeck.h">
      <Filter>Dependencies\CryptoPP</Filter>
    </ClInclude>
    <ClInclude Include="Dependencies\CryptoPP\simon.h">
      <Filter>Dependencies\CryptoPP</Filter>
    </ClInclude>
    <ClInclude Include="Dependencies\CryptoPP\simple.h">
      <Filter>Dependencies\CryptoPP</Filter>
    </ClInclude>
    <ClInclude Include="Dependencies\CryptoPP\siphash.h">
      <Filter>Dependencies\CryptoPP</Filter>
    </ClInclude>
    <ClInclude Include="Dependencies\CryptoPP\skipjack.h">
      <Filter>Dependencies\CryptoPP</Filter>
    </ClInclude>
    <ClInclude Include="Dependencies\CryptoPP\sm3.h">
      <Filter>Dependencies\CryptoPP</Filter>
    </ClInclude>
    <ClInclude Include="Dependencies\CryptoPP\sm4.h">
      <Filter>Dependencies\CryptoPP</Filter>
    </ClInclude>
    <ClInclude Include="Dependencies\CryptoPP\smartptr.h">
      <Filter>Dependencies\CryptoPP</Filter>
    </ClInclude>
    <ClInclude Include="Dependencies\CryptoPP\sosemanuk.h">
      <Filter>Dependencies\CryptoPP</Filter>
    </ClInclude>
    <ClInclude Include="Dependencies\CryptoPP\speck.h">
      <Filter>Dependencies\CryptoPP</Filter>
    </ClInclude>
    <ClInclude Include="Dependencies\CryptoPP\square.h">
      <Filter>Dependencies\CryptoPP</Filter>
    </ClInclude>
    <ClInclude Include="Dependencies\CryptoPP\stdcpp.h">
      <Filter>Dependencies\CryptoPP</Filter>
    </ClInclude>
    <ClInclude Include="Dependencies\CryptoPP\strciphr.h">
      <Filter>Dependencies\CryptoPP</Filter>
    </ClInclude>
    <ClInclude Include="Dependencies\CryptoPP\tea.h">
      <Filter>Dependencies\CryptoPP</Filter>
    </ClInclude>
    <ClInclude Include="Dependencies\CryptoPP\threefish.h">
      <Filter>Dependencies\CryptoPP</Filter>
    </ClInclude>
    <ClInclude Include="Dependencies\CryptoPP\tiger.h">
      <Filter>Dependencies\CryptoPP</Filter>
    </ClInclude>
    <ClInclude Include="Dependencies\CryptoPP\trap.h">
      <Filter>Dependencies\CryptoPP</Filter>
    </ClInclude>
    <ClInclude Include="Dependencies\CryptoPP\trunhash.h">
      <Filter>Dependencies\CryptoPP</Filter>
    </ClInclude>
    <ClInclude Include="Dependencies\CryptoPP\ttmac.h">
      <Filter>Dependencies\CryptoPP</Filter>
    </ClInclude>
    <ClInclude Include="Dependencies\CryptoPP\tweetnacl.h">
      <Filter>Dependencies\CryptoPP</Filter>
    </ClInclude>
    <ClInclude Include="Dependencies\CryptoPP\twofish.h">
      <Filter>Dependencies\CryptoPP</Filter>
    </ClInclude>
    <ClInclude Include="Dependencies\CryptoPP\vmac.h">
      <Filter>Dependencies\CryptoPP</Filter>
    </ClInclude>
    <ClInclude Include="Dependencies\CryptoPP\wake.h">
      <Filter>Dependencies\CryptoPP</Filter>
    </ClInclude>
    <ClInclude Include="Dependencies\CryptoPP\whrlpool.h">
      <Filter>Dependencies\CryptoPP</Filter>
    </ClInclude>
    <ClInclude Include="Dependencies\CryptoPP\words.h">
      <Filter>Dependencies\CryptoPP</Filter>
    </ClInclude>
    <ClInclude Include="Dependencies\CryptoPP\xed25519.h">
      <Filter>Dependencies\CryptoPP</Filter>
    </ClInclude>
    <ClInclude Include="Dependencies\CryptoPP\xtr.h">
      <Filter>Dependencies\CryptoPP</Filter>
    </ClInclude>
    <ClInclude Include="Dependencies\CryptoPP\xtrcrypt.h">
      <Filter>Dependencies\CryptoPP</Filter>
    </ClInclude>
    <ClInclude Include="Dependencies\CryptoPP\xts.h">
      <Filter>Dependencies\CryptoPP</Filter>
    </ClInclude>
    <ClInclude Include="Dependencies\CryptoPP\zdeflate.h">
      <Filter>Dependencies\CryptoPP</Filter>
    </ClInclude>
    <ClInclude Include="Dependencies\CryptoPP\zinflate.h">
      <Filter>Dependencies\CryptoPP</Filter>
    </ClInclude>
    <ClInclude Include="Dependencies\CryptoPP\zlib.h">
      <Filter>Dependencies\CryptoPP</Filter>
    </ClInclude>
    <ClInclude Include="Communication\CheatStatus.h">
      <Filter>Communication</Filter>
    </ClInclude>
    <ClInclude Include="Injection\ProcessHollowing\ProcessHollowing.h">
      <Filter>Injection\ProcessHollowing</Filter>
    </ClInclude>
    <ClInclude Include="Dependencies\CryptoPP\pem.h">
      <Filter>Dependencies\CryptoPP</Filter>
    </ClInclude>
    <ClInclude Include="Dependencies\CryptoPP\pem_common.h">
      <Filter>Dependencies\CryptoPP</Filter>
    </ClInclude>
    <ClInclude Include="Dependencies\CryptoPP\x509cert.h">
      <Filter>Dependencies\CryptoPP</Filter>
    </ClInclude>
    <ClInclude Include="Communication\Crypto\CryptoProvider.h">
      <Filter>Communication\Crypto</Filter>
    </ClInclude>
    <ClInclude Include="Communication\TCP\TCPClient.h">
      <Filter>Communication\TCP</Filter>
    </ClInclude>
    <ClInclude Include="Communication\Packets\Requests\HandshakeRequest.h">
      <Filter>Communication\Packets\Requests</Filter>
    </ClInclude>
    <ClInclude Include="Communication\Packets\Responses\HandshakeResponse.h">
      <Filter>Communication\Packets\Responses</Filter>
    </ClInclude>
    <ClInclude Include="Communication\Packets\Requests\LoginRequest.h">
      <Filter>Communication\Packets\Requests</Filter>
    </ClInclude>
    <ClInclude Include="Communication\Packets\Responses\LoginResponse.h">
      <Filter>Communication\Packets\Responses</Filter>
    </ClInclude>
    <ClInclude Include="Communication\Packets\Requests\LoaderStreamRequest.h">
      <Filter>Communication\Packets\Requests</Filter>
    </ClInclude>
    <ClInclude Include="Communication\Packets\Responses\LoaderStreamResponse.h">
      <Filter>Communication\Packets\Responses</Filter>
    </ClInclude>
    <ClInclude Include="Injection\DataWriter.h">
      <Filter>Injection</Filter>
    </ClInclude>
    <ClInclude Include="Dependencies\Fnv1a\Fnv1a.h">
      <Filter>Dependencies\Fnv1a</Filter>
    </ClInclude>
    <ClInclude Include="Communication\Packets\BinaryReader.h">
      <Filter>Communication\Packets</Filter>
    </ClInclude>
    <ClInclude Include="Communication\Packets\IPacket.h">
      <Filter>Communication\Packets</Filter>
    </ClInclude>
    <ClInclude Include="Communication\Packets\PacketSerializer.h">
      <Filter>Communication\Packets</Filter>
    </ClInclude>
    <ClInclude Include="Communication\Packets\SerializationError.h">
      <Filter>Communication\Packets</Filter>
    </ClInclude>
    <ClInclude Include="Dependencies\entt\meta\adl_pointer.hpp">
      <Filter>Dependencies\entt\meta</Filter>
    </ClInclude>
    <ClInclude Include="Dependencies\entt\meta\container.hpp">
      <Filter>Dependencies\entt\meta</Filter>
    </ClInclude>
    <ClInclude Include="Dependencies\entt\meta\context.hpp">
      <Filter>Dependencies\entt\meta</Filter>
    </ClInclude>
    <ClInclude Include="Dependencies\entt\meta\factory.hpp">
      <Filter>Dependencies\entt\meta</Filter>
    </ClInclude>
    <ClInclude Include="Dependencies\entt\meta\fwd.hpp">
      <Filter>Dependencies\entt\meta</Filter>
    </ClInclude>
    <ClInclude Include="Dependencies\entt\meta\meta.hpp">
      <Filter>Dependencies\entt\meta</Filter>
    </ClInclude>
    <ClInclude Include="Dependencies\entt\meta\node.hpp">
      <Filter>Dependencies\entt\meta</Filter>
    </ClInclude>
    <ClInclude Include="Dependencies\entt\meta\pointer.hpp">
      <Filter>Dependencies\entt\meta</Filter>
    </ClInclude>
    <ClInclude Include="Dependencies\entt\meta\policy.hpp">
      <Filter>Dependencies\entt\meta</Filter>
    </ClInclude>
    <ClInclude Include="Dependencies\entt\meta\range.hpp">
      <Filter>Dependencies\entt\meta</Filter>
    </ClInclude>
    <ClInclude Include="Dependencies\entt\meta\resolve.hpp">
      <Filter>Dependencies\entt\meta</Filter>
    </ClInclude>
    <ClInclude Include="Dependencies\entt\meta\template.hpp">
      <Filter>Dependencies\entt\meta</Filter>
    </ClInclude>
    <ClInclude Include="Dependencies\entt\meta\type_traits.hpp">
      <Filter>Dependencies\entt\meta</Filter>
    </ClInclude>
    <ClInclude Include="Dependencies\entt\meta\utility.hpp">
      <Filter>Dependencies\entt\meta</Filter>
    </ClInclude>
    <ClInclude Include="Dependencies\entt\locator\locator.hpp">
      <Filter>Dependencies\entt\locator</Filter>
    </ClInclude>
    <ClInclude Include="Dependencies\entt\core\algorithm.hpp">
      <Filter>Dependencies\entt\core</Filter>
    </ClInclude>
    <ClInclude Include="Dependencies\entt\core\any.hpp">
      <Filter>Dependencies\entt\core</Filter>
    </ClInclude>
    <ClInclude Include="Dependencies\entt\core\attribute.h">
      <Filter>Dependencies\entt\core</Filter>
    </ClInclude>
    <ClInclude Include="Dependencies\entt\core\bit.hpp">
      <Filter>Dependencies\entt\core</Filter>
    </ClInclude>
    <ClInclude Include="Dependencies\entt\core\compressed_pair.hpp">
      <Filter>Dependencies\entt\core</Filter>
    </ClInclude>
    <ClInclude Include="Dependencies\entt\core\enum.hpp">
      <Filter>Dependencies\entt\core</Filter>
    </ClInclude>
    <ClInclude Include="Dependencies\entt\core\family.hpp">
      <Filter>Dependencies\entt\core</Filter>
    </ClInclude>
    <ClInclude Include="Dependencies\entt\core\fwd.hpp">
      <Filter>Dependencies\entt\core</Filter>
    </ClInclude>
    <ClInclude Include="Dependencies\entt\core\hashed_string.hpp">
      <Filter>Dependencies\entt\core</Filter>
    </ClInclude>
    <ClInclude Include="Dependencies\entt\core\ident.hpp">
      <Filter>Dependencies\entt\core</Filter>
    </ClInclude>
    <ClInclude Include="Dependencies\entt\core\iterator.hpp">
      <Filter>Dependencies\entt\core</Filter>
    </ClInclude>
    <ClInclude Include="Dependencies\entt\core\memory.hpp">
      <Filter>Dependencies\entt\core</Filter>
    </ClInclude>
    <ClInclude Include="Dependencies\entt\core\monostate.hpp">
      <Filter>Dependencies\entt\core</Filter>
    </ClInclude>
    <ClInclude Include="Dependencies\entt\core\ranges.hpp">
      <Filter>Dependencies\entt\core</Filter>
    </ClInclude>
    <ClInclude Include="Dependencies\entt\core\tuple.hpp">
      <Filter>Dependencies\entt\core</Filter>
    </ClInclude>
    <ClInclude Include="Dependencies\entt\core\type_info.hpp">
      <Filter>Dependencies\entt\core</Filter>
    </ClInclude>
    <ClInclude Include="Dependencies\entt\core\type_traits.hpp">
      <Filter>Dependencies\entt\core</Filter>
    </ClInclude>
    <ClInclude Include="Dependencies\entt\core\utility.hpp">
      <Filter>Dependencies\entt\core</Filter>
    </ClInclude>
    <ClInclude Include="Dependencies\entt\container\dense_map.hpp">
      <Filter>Dependencies\entt\container</Filter>
    </ClInclude>
    <ClInclude Include="Dependencies\entt\container\dense_set.hpp">
      <Filter>Dependencies\entt\container</Filter>
    </ClInclude>
    <ClInclude Include="Dependencies\entt\container\fwd.hpp">
      <Filter>Dependencies\entt\container</Filter>
    </ClInclude>
    <ClInclude Include="Dependencies\entt\container\table.hpp">
      <Filter>Dependencies\entt\container</Filter>
    </ClInclude>
    <ClInclude Include="Dependencies\entt\config\config.h">
      <Filter>Dependencies\entt\config</Filter>
    </ClInclude>
    <ClInclude Include="Dependencies\entt\config\macro.h">
      <Filter>Dependencies\entt\config</Filter>
    </ClInclude>
    <ClInclude Include="Dependencies\entt\config\version.h">
      <Filter>Dependencies\entt\config</Filter>
    </ClInclude>
    <ClInclude Include="Dependencies\entt\entt.hpp">
      <Filter>Dependencies\entt</Filter>
    </ClInclude>
    <ClInclude Include="Dependencies\entt\fwd.hpp">
      <Filter>Dependencies\entt</Filter>
    </ClInclude>
    <ClInclude Include="Dependencies\Singleton\Singleton.h">
      <Filter>Dependencies\Singleton</Filter>
    </ClInclude>
    <ClInclude Include="Communication\Crypto\CryptoTransformation.h">
      <Filter>Communication\Crypto</Filter>
    </ClInclude>
    <ClInclude Include="Communication\Crypto\Mha256.h">
      <Filter>Communication\Crypto</Filter>
    </ClInclude>
    <ClInclude Include="Communication\Packets\RequestResult.h">
      <Filter>Communication\Packets</Filter>
    </ClInclude>
    <ClInclude Include="Utilities\Reflection\TypeRegistrar.h">
      <Filter>Utilities\Reflection</Filter>
    </ClInclude>
  </ItemGroup>
  <ItemGroup>
    <None Include="Dependencies\CryptoPP\aes_armv4.S">
      <Filter>Dependencies\CryptoPP</Filter>
    </None>
    <None Include="Dependencies\CryptoPP\rdrand.asm">
      <Filter>Dependencies\CryptoPP</Filter>
    </None>
    <None Include="Dependencies\CryptoPP\rdseed.asm">
      <Filter>Dependencies\CryptoPP</Filter>
    </None>
    <None Include="Dependencies\CryptoPP\sha1_armv4.S">
      <Filter>Dependencies\CryptoPP</Filter>
    </None>
    <None Include="Dependencies\CryptoPP\sha256_armv4.S">
      <Filter>Dependencies\CryptoPP</Filter>
    </None>
    <None Include="Dependencies\CryptoPP\sha512_armv4.S">
      <Filter>Dependencies\CryptoPP</Filter>
    </None>
    <None Include="Dependencies\CryptoPP\x64dll.asm">
      <Filter>Dependencies\CryptoPP</Filter>
    </None>
    <None Include="Dependencies\CryptoPP\x64masm.asm">
      <Filter>Dependencies\CryptoPP</Filter>
    </None>
  </ItemGroup>
</Project>