<?xml version="1.0" encoding="utf-8"?>
<Project ToolsVersion="4.0" xmlns="http://schemas.microsoft.com/developer/msbuild/2003">
  <ItemGroup>
    <ClCompile Include="Maple Loader.cpp" />
    <ClCompile Include="UI\UI.cpp">
      <Filter>UI</Filter>
    </ClCompile>
    <ClCompile Include="UI\ImGui\imgui_impl_win32.cpp">
      <Filter>UI\ImGui</Filter>
    </ClCompile>
    <ClCompile Include="UI\ImGui\imgui_tables.cpp">
      <Filter>UI\ImGui</Filter>
    </ClCompile>
    <ClCompile Include="UI\ImGui\imgui_widgets.cpp">
      <Filter>UI\ImGui</Filter>
    </ClCompile>
    <ClCompile Include="UI\ImGui\imgui.cpp">
      <Filter>UI\ImGui</Filter>
    </ClCompile>
    <ClCompile Include="UI\ImGui\imgui_demo.cpp">
      <Filter>UI\ImGui</Filter>
    </ClCompile>
    <ClCompile Include="UI\ImGui\imgui_draw.cpp">
      <Filter>UI\ImGui</Filter>
    </ClCompile>
    <ClCompile Include="UI\ImGui\imgui_impl_dx9.cpp">
      <Filter>UI\ImGui</Filter>
    </ClCompile>
    <ClCompile Include="AntiDebug\Security.cpp">
      <Filter>AntiDebug</Filter>
    </ClCompile>
    <ClCompile Include="TCP\TCP_Client.cpp">
      <Filter>TCP</Filter>
    </ClCompile>
    <ClCompile Include="TCP\Client.cpp">
      <Filter>TCP</Filter>
    </ClCompile>
    <ClCompile Include="Crypto\Wrapper\RSADecrypt.cpp">
      <Filter>Crypto\Wrapper</Filter>
    </ClCompile>
    <ClCompile Include="Crypto\Wrapper\AES.cpp">
      <Filter>Crypto\Wrapper</Filter>
    </ClCompile>
    <ClCompile Include="Crypto\algebra.cpp">
      <Filter>Crypto</Filter>
    </ClCompile>
    <ClCompile Include="Crypto\algparam.cpp">
      <Filter>Crypto</Filter>
    </ClCompile>
    <ClCompile Include="Crypto\allocate.cpp">
      <Filter>Crypto</Filter>
    </ClCompile>
    <ClCompile Include="Crypto\arc4.cpp">
      <Filter>Crypto</Filter>
    </ClCompile>
    <ClCompile Include="Crypto\aria.cpp">
      <Filter>Crypto</Filter>
    </ClCompile>
    <ClCompile Include="Crypto\aria_simd.cpp">
      <Filter>Crypto</Filter>
    </ClCompile>
    <ClCompile Include="Crypto\ariatab.cpp">
      <Filter>Crypto</Filter>
    </ClCompile>
    <ClCompile Include="Crypto\asn.cpp">
      <Filter>Crypto</Filter>
    </ClCompile>
    <ClCompile Include="Crypto\authenc.cpp">
      <Filter>Crypto</Filter>
    </ClCompile>
    <ClCompile Include="Crypto\base32.cpp">
      <Filter>Crypto</Filter>
    </ClCompile>
    <ClCompile Include="Crypto\base64.cpp">
      <Filter>Crypto</Filter>
    </ClCompile>
    <ClCompile Include="Crypto\basecode.cpp">
      <Filter>Crypto</Filter>
    </ClCompile>
    <ClCompile Include="Crypto\bfinit.cpp">
      <Filter>Crypto</Filter>
    </ClCompile>
    <ClCompile Include="Crypto\blake2.cpp">
      <Filter>Crypto</Filter>
    </ClCompile>
    <ClCompile Include="Crypto\blake2b_simd.cpp">
      <Filter>Crypto</Filter>
    </ClCompile>
    <ClCompile Include="Crypto\blake2s_simd.cpp">
      <Filter>Crypto</Filter>
    </ClCompile>
    <ClCompile Include="Crypto\blowfish.cpp">
      <Filter>Crypto</Filter>
    </ClCompile>
    <ClCompile Include="Crypto\blumshub.cpp">
      <Filter>Crypto</Filter>
    </ClCompile>
    <ClCompile Include="Crypto\camellia.cpp">
      <Filter>Crypto</Filter>
    </ClCompile>
    <ClCompile Include="Crypto\cast.cpp">
      <Filter>Crypto</Filter>
    </ClCompile>
    <ClCompile Include="Crypto\casts.cpp">
      <Filter>Crypto</Filter>
    </ClCompile>
    <ClCompile Include="Crypto\cbcmac.cpp">
      <Filter>Crypto</Filter>
    </ClCompile>
    <ClCompile Include="Crypto\ccm.cpp">
      <Filter>Crypto</Filter>
    </ClCompile>
    <ClCompile Include="Crypto\chacha.cpp">
      <Filter>Crypto</Filter>
    </ClCompile>
    <ClCompile Include="Crypto\chacha_avx.cpp">
      <Filter>Crypto</Filter>
    </ClCompile>
    <ClCompile Include="Crypto\chacha_simd.cpp">
      <Filter>Crypto</Filter>
    </ClCompile>
    <ClCompile Include="Crypto\chachapoly.cpp">
      <Filter>Crypto</Filter>
    </ClCompile>
    <ClCompile Include="Crypto\cham.cpp">
      <Filter>Crypto</Filter>
    </ClCompile>
    <ClCompile Include="Crypto\cham_simd.cpp">
      <Filter>Crypto</Filter>
    </ClCompile>
    <ClCompile Include="Crypto\channels.cpp">
      <Filter>Crypto</Filter>
    </ClCompile>
    <ClCompile Include="Crypto\cmac.cpp">
      <Filter>Crypto</Filter>
    </ClCompile>
    <ClCompile Include="Crypto\cpu.cpp">
      <Filter>Crypto</Filter>
    </ClCompile>
    <ClCompile Include="Crypto\crc.cpp">
      <Filter>Crypto</Filter>
    </ClCompile>
    <ClCompile Include="Crypto\crc_simd.cpp">
      <Filter>Crypto</Filter>
    </ClCompile>
    <ClCompile Include="Crypto\cryptlib.cpp">
      <Filter>Crypto</Filter>
    </ClCompile>
    <ClCompile Include="Crypto\darn.cpp">
      <Filter>Crypto</Filter>
    </ClCompile>
    <ClCompile Include="Crypto\default.cpp">
      <Filter>Crypto</Filter>
    </ClCompile>
    <ClCompile Include="Crypto\des.cpp">
      <Filter>Crypto</Filter>
    </ClCompile>
    <ClCompile Include="Crypto\dessp.cpp">
      <Filter>Crypto</Filter>
    </ClCompile>
    <ClCompile Include="Crypto\dh.cpp">
      <Filter>Crypto</Filter>
    </ClCompile>
    <ClCompile Include="Crypto\dh2.cpp">
      <Filter>Crypto</Filter>
    </ClCompile>
    <ClCompile Include="Crypto\dll.cpp">
      <Filter>Crypto</Filter>
    </ClCompile>
    <ClCompile Include="Crypto\donna_32.cpp">
      <Filter>Crypto</Filter>
    </ClCompile>
    <ClCompile Include="Crypto\donna_64.cpp">
      <Filter>Crypto</Filter>
    </ClCompile>
    <ClCompile Include="Crypto\donna_sse.cpp">
      <Filter>Crypto</Filter>
    </ClCompile>
    <ClCompile Include="Crypto\dsa.cpp">
      <Filter>Crypto</Filter>
    </ClCompile>
    <ClCompile Include="Crypto\eax.cpp">
      <Filter>Crypto</Filter>
    </ClCompile>
    <ClCompile Include="Crypto\ec2n.cpp">
      <Filter>Crypto</Filter>
    </ClCompile>
    <ClCompile Include="Crypto\eccrypto.cpp">
      <Filter>Crypto</Filter>
    </ClCompile>
    <ClCompile Include="Crypto\ecp.cpp">
      <Filter>Crypto</Filter>
    </ClCompile>
    <ClCompile Include="Crypto\elgamal.cpp">
      <Filter>Crypto</Filter>
    </ClCompile>
    <ClCompile Include="Crypto\emsa2.cpp">
      <Filter>Crypto</Filter>
    </ClCompile>
    <ClCompile Include="Crypto\eprecomp.cpp">
      <Filter>Crypto</Filter>
    </ClCompile>
    <ClCompile Include="Crypto\esign.cpp">
      <Filter>Crypto</Filter>
    </ClCompile>
    <ClCompile Include="Crypto\files.cpp">
      <Filter>Crypto</Filter>
    </ClCompile>
    <ClCompile Include="Crypto\filters.cpp">
      <Filter>Crypto</Filter>
    </ClCompile>
    <ClCompile Include="Crypto\fips140.cpp">
      <Filter>Crypto</Filter>
    </ClCompile>
    <ClCompile Include="Crypto\fipsalgt.cpp">
      <Filter>Crypto</Filter>
    </ClCompile>
    <ClCompile Include="Crypto\fipstest.cpp">
      <Filter>Crypto</Filter>
    </ClCompile>
    <ClCompile Include="Crypto\gcm.cpp">
      <Filter>Crypto</Filter>
    </ClCompile>
    <ClCompile Include="Crypto\gcm_simd.cpp">
      <Filter>Crypto</Filter>
    </ClCompile>
    <ClCompile Include="Crypto\gf2_32.cpp">
      <Filter>Crypto</Filter>
    </ClCompile>
    <ClCompile Include="Crypto\gf2n.cpp">
      <Filter>Crypto</Filter>
    </ClCompile>
    <ClCompile Include="Crypto\gf2n_simd.cpp">
      <Filter>Crypto</Filter>
    </ClCompile>
    <ClCompile Include="Crypto\gf256.cpp">
      <Filter>Crypto</Filter>
    </ClCompile>
    <ClCompile Include="Crypto\gfpcrypt.cpp">
      <Filter>Crypto</Filter>
    </ClCompile>
    <ClCompile Include="Crypto\gost.cpp">
      <Filter>Crypto</Filter>
    </ClCompile>
    <ClCompile Include="Crypto\gzip.cpp">
      <Filter>Crypto</Filter>
    </ClCompile>
    <ClCompile Include="Crypto\hc128.cpp">
      <Filter>Crypto</Filter>
    </ClCompile>
    <ClCompile Include="Crypto\hc256.cpp">
      <Filter>Crypto</Filter>
    </ClCompile>
    <ClCompile Include="Crypto\hex.cpp">
      <Filter>Crypto</Filter>
    </ClCompile>
    <ClCompile Include="Crypto\hight.cpp">
      <Filter>Crypto</Filter>
    </ClCompile>
    <ClCompile Include="Crypto\hmac.cpp">
      <Filter>Crypto</Filter>
    </ClCompile>
    <ClCompile Include="Crypto\hrtimer.cpp">
      <Filter>Crypto</Filter>
    </ClCompile>
    <ClCompile Include="Crypto\ida.cpp">
      <Filter>Crypto</Filter>
    </ClCompile>
    <ClCompile Include="Crypto\idea.cpp">
      <Filter>Crypto</Filter>
    </ClCompile>
    <ClCompile Include="Crypto\integer.cpp">
      <Filter>Crypto</Filter>
    </ClCompile>
    <ClCompile Include="Crypto\iterhash.cpp">
      <Filter>Crypto</Filter>
    </ClCompile>
    <ClCompile Include="Crypto\kalyna.cpp">
      <Filter>Crypto</Filter>
    </ClCompile>
    <ClCompile Include="Crypto\kalynatab.cpp">
      <Filter>Crypto</Filter>
    </ClCompile>
    <ClCompile Include="Crypto\keccak.cpp">
      <Filter>Crypto</Filter>
    </ClCompile>
    <ClCompile Include="Crypto\keccak_core.cpp">
      <Filter>Crypto</Filter>
    </ClCompile>
    <ClCompile Include="Crypto\keccak_simd.cpp">
      <Filter>Crypto</Filter>
    </ClCompile>
    <ClCompile Include="Crypto\lea.cpp">
      <Filter>Crypto</Filter>
    </ClCompile>
    <ClCompile Include="Crypto\lea_simd.cpp">
      <Filter>Crypto</Filter>
    </ClCompile>
    <ClCompile Include="Crypto\luc.cpp">
      <Filter>Crypto</Filter>
    </ClCompile>
    <ClCompile Include="Crypto\mars.cpp">
      <Filter>Crypto</Filter>
    </ClCompile>
    <ClCompile Include="Crypto\marss.cpp">
      <Filter>Crypto</Filter>
    </ClCompile>
    <ClCompile Include="Crypto\md2.cpp">
      <Filter>Crypto</Filter>
    </ClCompile>
    <ClCompile Include="Crypto\md4.cpp">
      <Filter>Crypto</Filter>
    </ClCompile>
    <ClCompile Include="Crypto\md5.cpp">
      <Filter>Crypto</Filter>
    </ClCompile>
    <ClCompile Include="Crypto\misc.cpp">
      <Filter>Crypto</Filter>
    </ClCompile>
    <ClCompile Include="Crypto\modes.cpp">
      <Filter>Crypto</Filter>
    </ClCompile>
    <ClCompile Include="Crypto\mqueue.cpp">
      <Filter>Crypto</Filter>
    </ClCompile>
    <ClCompile Include="Crypto\mqv.cpp">
      <Filter>Crypto</Filter>
    </ClCompile>
    <ClCompile Include="Crypto\nbtheory.cpp">
      <Filter>Crypto</Filter>
    </ClCompile>
    <ClCompile Include="Crypto\neon_simd.cpp">
      <Filter>Crypto</Filter>
    </ClCompile>
    <ClCompile Include="Crypto\oaep.cpp">
      <Filter>Crypto</Filter>
    </ClCompile>
    <ClCompile Include="Crypto\osrng.cpp">
      <Filter>Crypto</Filter>
    </ClCompile>
    <ClCompile Include="Crypto\padlkrng.cpp">
      <Filter>Crypto</Filter>
    </ClCompile>
    <ClCompile Include="Crypto\panama.cpp">
      <Filter>Crypto</Filter>
    </ClCompile>
    <ClCompile Include="Crypto\pch.cpp">
      <Filter>Crypto</Filter>
    </ClCompile>
    <ClCompile Include="Crypto\pkcspad.cpp">
      <Filter>Crypto</Filter>
    </ClCompile>
    <ClCompile Include="Crypto\poly1305.cpp">
      <Filter>Crypto</Filter>
    </ClCompile>
    <ClCompile Include="Crypto\polynomi.cpp">
      <Filter>Crypto</Filter>
    </ClCompile>
    <ClCompile Include="Crypto\ppc_power7.cpp">
      <Filter>Crypto</Filter>
    </ClCompile>
    <ClCompile Include="Crypto\ppc_power8.cpp">
      <Filter>Crypto</Filter>
    </ClCompile>
    <ClCompile Include="Crypto\ppc_power9.cpp">
      <Filter>Crypto</Filter>
    </ClCompile>
    <ClCompile Include="Crypto\ppc_simd.cpp">
      <Filter>Crypto</Filter>
    </ClCompile>
    <ClCompile Include="Crypto\pssr.cpp">
      <Filter>Crypto</Filter>
    </ClCompile>
    <ClCompile Include="Crypto\pubkey.cpp">
      <Filter>Crypto</Filter>
    </ClCompile>
    <ClCompile Include="Crypto\queue.cpp">
      <Filter>Crypto</Filter>
    </ClCompile>
    <ClCompile Include="Crypto\rabbit.cpp">
      <Filter>Crypto</Filter>
    </ClCompile>
    <ClCompile Include="Crypto\rabin.cpp">
      <Filter>Crypto</Filter>
    </ClCompile>
    <ClCompile Include="Crypto\randpool.cpp">
      <Filter>Crypto</Filter>
    </ClCompile>
    <ClCompile Include="Crypto\rc2.cpp">
      <Filter>Crypto</Filter>
    </ClCompile>
    <ClCompile Include="Crypto\rc5.cpp">
      <Filter>Crypto</Filter>
    </ClCompile>
    <ClCompile Include="Crypto\rc6.cpp">
      <Filter>Crypto</Filter>
    </ClCompile>
    <ClCompile Include="Crypto\rdrand.cpp">
      <Filter>Crypto</Filter>
    </ClCompile>
    <ClCompile Include="Crypto\rdtables.cpp">
      <Filter>Crypto</Filter>
    </ClCompile>
    <ClCompile Include="Crypto\rijndael.cpp">
      <Filter>Crypto</Filter>
    </ClCompile>
    <ClCompile Include="Crypto\rijndael_simd.cpp">
      <Filter>Crypto</Filter>
    </ClCompile>
    <ClCompile Include="Crypto\ripemd.cpp">
      <Filter>Crypto</Filter>
    </ClCompile>
    <ClCompile Include="Crypto\rng.cpp">
      <Filter>Crypto</Filter>
    </ClCompile>
    <ClCompile Include="Crypto\rsa.cpp">
      <Filter>Crypto</Filter>
    </ClCompile>
    <ClCompile Include="Crypto\rw.cpp">
      <Filter>Crypto</Filter>
    </ClCompile>
    <ClCompile Include="Crypto\safer.cpp">
      <Filter>Crypto</Filter>
    </ClCompile>
    <ClCompile Include="Crypto\salsa.cpp">
      <Filter>Crypto</Filter>
    </ClCompile>
    <ClCompile Include="Crypto\scrypt.cpp">
      <Filter>Crypto</Filter>
    </ClCompile>
    <ClCompile Include="Crypto\seal.cpp">
      <Filter>Crypto</Filter>
    </ClCompile>
    <ClCompile Include="Crypto\seed.cpp">
      <Filter>Crypto</Filter>
    </ClCompile>
    <ClCompile Include="Crypto\serpent.cpp">
      <Filter>Crypto</Filter>
    </ClCompile>
    <ClCompile Include="Crypto\sha.cpp">
      <Filter>Crypto</Filter>
    </ClCompile>
    <ClCompile Include="Crypto\sha_simd.cpp">
      <Filter>Crypto</Filter>
    </ClCompile>
    <ClCompile Include="Crypto\sha3.cpp">
      <Filter>Crypto</Filter>
    </ClCompile>
    <ClCompile Include="Crypto\shacal2.cpp">
      <Filter>Crypto</Filter>
    </ClCompile>
    <ClCompile Include="Crypto\shacal2_simd.cpp">
      <Filter>Crypto</Filter>
    </ClCompile>
    <ClCompile Include="Crypto\shake.cpp">
      <Filter>Crypto</Filter>
    </ClCompile>
    <ClCompile Include="Crypto\shark.cpp">
      <Filter>Crypto</Filter>
    </ClCompile>
    <ClCompile Include="Crypto\sharkbox.cpp">
      <Filter>Crypto</Filter>
    </ClCompile>
    <ClCompile Include="Crypto\simeck.cpp">
      <Filter>Crypto</Filter>
    </ClCompile>
    <ClCompile Include="Crypto\simon.cpp">
      <Filter>Crypto</Filter>
    </ClCompile>
    <ClCompile Include="Crypto\simon128_simd.cpp">
      <Filter>Crypto</Filter>
    </ClCompile>
    <ClCompile Include="Crypto\simple.cpp">
      <Filter>Crypto</Filter>
    </ClCompile>
    <ClCompile Include="Crypto\skipjack.cpp">
      <Filter>Crypto</Filter>
    </ClCompile>
    <ClCompile Include="Crypto\sm3.cpp">
      <Filter>Crypto</Filter>
    </ClCompile>
    <ClCompile Include="Crypto\sm4.cpp">
      <Filter>Crypto</Filter>
    </ClCompile>
    <ClCompile Include="Crypto\sm4_simd.cpp">
      <Filter>Crypto</Filter>
    </ClCompile>
    <ClCompile Include="Crypto\sosemanuk.cpp">
      <Filter>Crypto</Filter>
    </ClCompile>
    <ClCompile Include="Crypto\speck.cpp">
      <Filter>Crypto</Filter>
    </ClCompile>
    <ClCompile Include="Crypto\speck128_simd.cpp">
      <Filter>Crypto</Filter>
    </ClCompile>
    <ClCompile Include="Crypto\square.cpp">
      <Filter>Crypto</Filter>
    </ClCompile>
    <ClCompile Include="Crypto\squaretb.cpp">
      <Filter>Crypto</Filter>
    </ClCompile>
    <ClCompile Include="Crypto\sse_simd.cpp">
      <Filter>Crypto</Filter>
    </ClCompile>
    <ClCompile Include="Crypto\strciphr.cpp">
      <Filter>Crypto</Filter>
    </ClCompile>
    <ClCompile Include="Crypto\tea.cpp">
      <Filter>Crypto</Filter>
    </ClCompile>
    <ClCompile Include="Crypto\tftables.cpp">
      <Filter>Crypto</Filter>
    </ClCompile>
    <ClCompile Include="Crypto\threefish.cpp">
      <Filter>Crypto</Filter>
    </ClCompile>
    <ClCompile Include="Crypto\tiger.cpp">
      <Filter>Crypto</Filter>
    </ClCompile>
    <ClCompile Include="Crypto\tigertab.cpp">
      <Filter>Crypto</Filter>
    </ClCompile>
    <ClCompile Include="Crypto\ttmac.cpp">
      <Filter>Crypto</Filter>
    </ClCompile>
    <ClCompile Include="Crypto\tweetnacl.cpp">
      <Filter>Crypto</Filter>
    </ClCompile>
    <ClCompile Include="Crypto\twofish.cpp">
      <Filter>Crypto</Filter>
    </ClCompile>
    <ClCompile Include="Crypto\vmac.cpp">
      <Filter>Crypto</Filter>
    </ClCompile>
    <ClCompile Include="Crypto\wake.cpp">
      <Filter>Crypto</Filter>
    </ClCompile>
    <ClCompile Include="Crypto\whrlpool.cpp">
      <Filter>Crypto</Filter>
    </ClCompile>
    <ClCompile Include="Crypto\xed25519.cpp">
      <Filter>Crypto</Filter>
    </ClCompile>
    <ClCompile Include="Crypto\xtr.cpp">
      <Filter>Crypto</Filter>
    </ClCompile>
    <ClCompile Include="Crypto\xtrcrypt.cpp">
      <Filter>Crypto</Filter>
    </ClCompile>
    <ClCompile Include="Crypto\xts.cpp">
      <Filter>Crypto</Filter>
    </ClCompile>
    <ClCompile Include="Crypto\zdeflate.cpp">
      <Filter>Crypto</Filter>
    </ClCompile>
    <ClCompile Include="Crypto\zinflate.cpp">
      <Filter>Crypto</Filter>
    </ClCompile>
    <ClCompile Include="Crypto\zlib.cpp">
      <Filter>Crypto</Filter>
    </ClCompile>
    <ClCompile Include="Crypto\3way.cpp">
      <Filter>Crypto</Filter>
    </ClCompile>
    <ClCompile Include="Crypto\adler32.cpp">
      <Filter>Crypto</Filter>
    </ClCompile>
    <ClCompile Include="Utils\StringUtilities.cpp">
      <Filter>Utils</Filter>
    </ClCompile>
    <ClCompile Include="Utils\StringUtilities.cpp">
      <Filter>Utils</Filter>
    </ClCompile>
    <ClCompile Include="Macros.cpp">
      <Filter>Utils</Filter>
    </ClCompile>
    <ClCompile Include="Communication\Client.cpp">
      <Filter>Communication</Filter>
    </ClCompile>
    <ClCompile Include="Packets\Packet.cpp">
      <Filter>Packets</Filter>
    </ClCompile>
    <ClCompile Include="Packets\Handshake.cpp">
      <Filter>Packets</Filter>
    </ClCompile>
    <ClCompile Include="Packets\Login.cpp">
      <Filter>Packets</Filter>
    </ClCompile>
  </ItemGroup>
  <ItemGroup>
    <Filter Include="UI">
      <UniqueIdentifier>{14a0aae5-7965-4e39-b54d-f012d6ccdd31}</UniqueIdentifier>
    </Filter>
    <Filter Include="UI\ImGui">
      <UniqueIdentifier>{ddc22103-d61b-4bd3-96ca-4eea4dc42908}</UniqueIdentifier>
    </Filter>
    <Filter Include="AntiDebug">
      <UniqueIdentifier>{81726de9-fa66-49ee-b1a2-0047d8d9de33}</UniqueIdentifier>
    </Filter>
    <Filter Include="TCP">
      <UniqueIdentifier>{a9192820-5ba8-4a46-9e15-2fedc5b9ec12}</UniqueIdentifier>
    </Filter>
    <Filter Include="TCP\Utils">
      <UniqueIdentifier>{3f2196f1-ef0a-45a2-8acd-cced74250b64}</UniqueIdentifier>
    </Filter>
    <Filter Include="Utils">
      <UniqueIdentifier>{41fe62f5-5ac5-4718-bb91-9d75172b7600}</UniqueIdentifier>
    </Filter>
    <Filter Include="Crypto">
      <UniqueIdentifier>{63eb04b0-a15c-416c-94bf-2cc8937dbf6b}</UniqueIdentifier>
    </Filter>
    <Filter Include="Crypto\Wrapper">
      <UniqueIdentifier>{0bc33171-ccbf-4807-915b-f9dcb890f100}</UniqueIdentifier>
    </Filter>
    <Filter Include="Communication">
      <UniqueIdentifier>{cdb9f389-f41f-4d33-990b-f9ccbf3091d9}</UniqueIdentifier>
    </Filter>
    <Filter Include="Packets">
      <UniqueIdentifier>{0feb910e-c9bf-4c7d-88df-5c03cbc81ec4}</UniqueIdentifier>
    </Filter>
  </ItemGroup>
  <ItemGroup>
    <ClInclude Include="UI\UI.h">
      <Filter>UI</Filter>
    </ClInclude>
    <ClInclude Include="UI\Fonts.h">
      <Filter>UI</Filter>
    </ClInclude>
    <ClInclude Include="UI\ImGui\imgui_impl_win32.h">
      <Filter>UI\ImGui</Filter>
    </ClInclude>
    <ClInclude Include="UI\ImGui\imgui_internal.h">
      <Filter>UI\ImGui</Filter>
    </ClInclude>
    <ClInclude Include="UI\ImGui\imstb_rectpack.h">
      <Filter>UI\ImGui</Filter>
    </ClInclude>
    <ClInclude Include="UI\ImGui\imstb_textedit.h">
      <Filter>UI\ImGui</Filter>
    </ClInclude>
    <ClInclude Include="UI\ImGui\imstb_truetype.h">
      <Filter>UI\ImGui</Filter>
    </ClInclude>
    <ClInclude Include="UI\ImGui\imconfig.h">
      <Filter>UI\ImGui</Filter>
    </ClInclude>
    <ClInclude Include="UI\ImGui\imgui.h">
      <Filter>UI\ImGui</Filter>
    </ClInclude>
    <ClInclude Include="UI\ImGui\imgui_impl_dx9.h">
      <Filter>UI\ImGui</Filter>
    </ClInclude>
    <ClInclude Include="resource.h" />
    <ClInclude Include="AntiDebug\Security.h">
      <Filter>AntiDebug</Filter>
    </ClInclude>
    <ClInclude Include="AntiDebug\xorstr.hpp">
      <Filter>AntiDebug</Filter>
    </ClInclude>
    <ClInclude Include="TCP\Utils\SendByteVector.hpp">
      <Filter>TCP\Utils</Filter>
    </ClInclude>
    <ClInclude Include="TCP\Client_Observer.h">
      <Filter>TCP</Filter>
    </ClInclude>
    <ClInclude Include="TCP\Pipe_Ret_T.h">
      <Filter>TCP</Filter>
    </ClInclude>
    <ClInclude Include="TCP\TCP_Client.h">
      <Filter>TCP</Filter>
    </ClInclude>
    <ClInclude Include="TCP\Client.h">
      <Filter>TCP</Filter>
    </ClInclude>
    <ClInclude Include="Utils\RSAKeygen.hpp">
      <Filter>Utils</Filter>
    </ClInclude>
    <ClInclude Include="Crypto\Wrapper\RSADecrypt.h">
      <Filter>Crypto\Wrapper</Filter>
    </ClInclude>
    <ClInclude Include="Crypto\Wrapper\AES.h">
      <Filter>Crypto\Wrapper</Filter>
    </ClInclude>
    <ClInclude Include="Crypto\aes_armv4.h">
      <Filter>Crypto</Filter>
    </ClInclude>
    <ClInclude Include="Crypto\algebra.h">
      <Filter>Crypto</Filter>
    </ClInclude>
    <ClInclude Include="Crypto\algparam.h">
      <Filter>Crypto</Filter>
    </ClInclude>
    <ClInclude Include="Crypto\allocate.h">
      <Filter>Crypto</Filter>
    </ClInclude>
    <ClInclude Include="Crypto\arc4.h">
      <Filter>Crypto</Filter>
    </ClInclude>
    <ClInclude Include="Crypto\argnames.h">
      <Filter>Crypto</Filter>
    </ClInclude>
    <ClInclude Include="Crypto\aria.h">
      <Filter>Crypto</Filter>
    </ClInclude>
    <ClInclude Include="Crypto\arm_simd.h">
      <Filter>Crypto</Filter>
    </ClInclude>
    <ClInclude Include="Crypto\asn.h">
      <Filter>Crypto</Filter>
    </ClInclude>
    <ClInclude Include="Crypto\authenc.h">
      <Filter>Crypto</Filter>
    </ClInclude>
    <ClInclude Include="Crypto\base32.h">
      <Filter>Crypto</Filter>
    </ClInclude>
    <ClInclude Include="Crypto\base64.h">
      <Filter>Crypto</Filter>
    </ClInclude>
    <ClInclude Include="Crypto\basecode.h">
      <Filter>Crypto</Filter>
    </ClInclude>
    <ClInclude Include="Crypto\blake2.h">
      <Filter>Crypto</Filter>
    </ClInclude>
    <ClInclude Include="Crypto\blowfish.h">
      <Filter>Crypto</Filter>
    </ClInclude>
    <ClInclude Include="Crypto\blumshub.h">
      <Filter>Crypto</Filter>
    </ClInclude>
    <ClInclude Include="Crypto\camellia.h">
      <Filter>Crypto</Filter>
    </ClInclude>
    <ClInclude Include="Crypto\cast.h">
      <Filter>Crypto</Filter>
    </ClInclude>
    <ClInclude Include="Crypto\cbcmac.h">
      <Filter>Crypto</Filter>
    </ClInclude>
    <ClInclude Include="Crypto\ccm.h">
      <Filter>Crypto</Filter>
    </ClInclude>
    <ClInclude Include="Crypto\chacha.h">
      <Filter>Crypto</Filter>
    </ClInclude>
    <ClInclude Include="Crypto\chachapoly.h">
      <Filter>Crypto</Filter>
    </ClInclude>
    <ClInclude Include="Crypto\cham.h">
      <Filter>Crypto</Filter>
    </ClInclude>
    <ClInclude Include="Crypto\channels.h">
      <Filter>Crypto</Filter>
    </ClInclude>
    <ClInclude Include="Crypto\cmac.h">
      <Filter>Crypto</Filter>
    </ClInclude>
    <ClInclude Include="Crypto\config.h">
      <Filter>Crypto</Filter>
    </ClInclude>
    <ClInclude Include="Crypto\config_align.h">
      <Filter>Crypto</Filter>
    </ClInclude>
    <ClInclude Include="Crypto\config_asm.h">
      <Filter>Crypto</Filter>
    </ClInclude>
    <ClInclude Include="Crypto\config_cpu.h">
      <Filter>Crypto</Filter>
    </ClInclude>
    <ClInclude Include="Crypto\config_cxx.h">
      <Filter>Crypto</Filter>
    </ClInclude>
    <ClInclude Include="Crypto\config_dll.h">
      <Filter>Crypto</Filter>
    </ClInclude>
    <ClInclude Include="Crypto\config_int.h">
      <Filter>Crypto</Filter>
    </ClInclude>
    <ClInclude Include="Crypto\config_misc.h">
      <Filter>Crypto</Filter>
    </ClInclude>
    <ClInclude Include="Crypto\config_ns.h">
      <Filter>Crypto</Filter>
    </ClInclude>
    <ClInclude Include="Crypto\config_os.h">
      <Filter>Crypto</Filter>
    </ClInclude>
    <ClInclude Include="Crypto\config_ver.h">
      <Filter>Crypto</Filter>
    </ClInclude>
    <ClInclude Include="Crypto\cpu.h">
      <Filter>Crypto</Filter>
    </ClInclude>
    <ClInclude Include="Crypto\crc.h">
      <Filter>Crypto</Filter>
    </ClInclude>
    <ClInclude Include="Crypto\cryptlib.h">
      <Filter>Crypto</Filter>
    </ClInclude>
    <ClInclude Include="Crypto\darn.h">
      <Filter>Crypto</Filter>
    </ClInclude>
    <ClInclude Include="Crypto\default.h">
      <Filter>Crypto</Filter>
    </ClInclude>
    <ClInclude Include="Crypto\des.h">
      <Filter>Crypto</Filter>
    </ClInclude>
    <ClInclude Include="Crypto\dh.h">
      <Filter>Crypto</Filter>
    </ClInclude>
    <ClInclude Include="Crypto\dh2.h">
      <Filter>Crypto</Filter>
    </ClInclude>
    <ClInclude Include="Crypto\dll.h">
      <Filter>Crypto</Filter>
    </ClInclude>
    <ClInclude Include="Crypto\dmac.h">
      <Filter>Crypto</Filter>
    </ClInclude>
    <ClInclude Include="Crypto\donna.h">
      <Filter>Crypto</Filter>
    </ClInclude>
    <ClInclude Include="Crypto\donna_32.h">
      <Filter>Crypto</Filter>
    </ClInclude>
    <ClInclude Include="Crypto\donna_64.h">
      <Filter>Crypto</Filter>
    </ClInclude>
    <ClInclude Include="Crypto\donna_sse.h">
      <Filter>Crypto</Filter>
    </ClInclude>
    <ClInclude Include="Crypto\drbg.h">
      <Filter>Crypto</Filter>
    </ClInclude>
    <ClInclude Include="Crypto\dsa.h">
      <Filter>Crypto</Filter>
    </ClInclude>
    <ClInclude Include="Crypto\eax.h">
      <Filter>Crypto</Filter>
    </ClInclude>
    <ClInclude Include="Crypto\ec2n.h">
      <Filter>Crypto</Filter>
    </ClInclude>
    <ClInclude Include="Crypto\eccrypto.h">
      <Filter>Crypto</Filter>
    </ClInclude>
    <ClInclude Include="Crypto\ecp.h">
      <Filter>Crypto</Filter>
    </ClInclude>
    <ClInclude Include="Crypto\ecpoint.h">
      <Filter>Crypto</Filter>
    </ClInclude>
    <ClInclude Include="Crypto\elgamal.h">
      <Filter>Crypto</Filter>
    </ClInclude>
    <ClInclude Include="Crypto\emsa2.h">
      <Filter>Crypto</Filter>
    </ClInclude>
    <ClInclude Include="Crypto\eprecomp.h">
      <Filter>Crypto</Filter>
    </ClInclude>
    <ClInclude Include="Crypto\esign.h">
      <Filter>Crypto</Filter>
    </ClInclude>
    <ClInclude Include="Crypto\factory.h">
      <Filter>Crypto</Filter>
    </ClInclude>
    <ClInclude Include="Crypto\fhmqv.h">
      <Filter>Crypto</Filter>
    </ClInclude>
    <ClInclude Include="Crypto\files.h">
      <Filter>Crypto</Filter>
    </ClInclude>
    <ClInclude Include="Crypto\filters.h">
      <Filter>Crypto</Filter>
    </ClInclude>
    <ClInclude Include="Crypto\fips140.h">
      <Filter>Crypto</Filter>
    </ClInclude>
    <ClInclude Include="Crypto\fltrimpl.h">
      <Filter>Crypto</Filter>
    </ClInclude>
    <ClInclude Include="Crypto\gcm.h">
      <Filter>Crypto</Filter>
    </ClInclude>
    <ClInclude Include="Crypto\gf2_32.h">
      <Filter>Crypto</Filter>
    </ClInclude>
    <ClInclude Include="Crypto\gf2n.h">
      <Filter>Crypto</Filter>
    </ClInclude>
    <ClInclude Include="Crypto\gf256.h">
      <Filter>Crypto</Filter>
    </ClInclude>
    <ClInclude Include="Crypto\gfpcrypt.h">
      <Filter>Crypto</Filter>
    </ClInclude>
    <ClInclude Include="Crypto\gost.h">
      <Filter>Crypto</Filter>
    </ClInclude>
    <ClInclude Include="Crypto\gzip.h">
      <Filter>Crypto</Filter>
    </ClInclude>
    <ClInclude Include="Crypto\hashfwd.h">
      <Filter>Crypto</Filter>
    </ClInclude>
    <ClInclude Include="Crypto\hc128.h">
      <Filter>Crypto</Filter>
    </ClInclude>
    <ClInclude Include="Crypto\hc256.h">
      <Filter>Crypto</Filter>
    </ClInclude>
    <ClInclude Include="Crypto\hex.h">
      <Filter>Crypto</Filter>
    </ClInclude>
    <ClInclude Include="Crypto\hight.h">
      <Filter>Crypto</Filter>
    </ClInclude>
    <ClInclude Include="Crypto\hkdf.h">
      <Filter>Crypto</Filter>
    </ClInclude>
    <ClInclude Include="Crypto\hmac.h">
      <Filter>Crypto</Filter>
    </ClInclude>
    <ClInclude Include="Crypto\hmqv.h">
      <Filter>Crypto</Filter>
    </ClInclude>
    <ClInclude Include="Crypto\hrtimer.h">
      <Filter>Crypto</Filter>
    </ClInclude>
    <ClInclude Include="Crypto\ida.h">
      <Filter>Crypto</Filter>
    </ClInclude>
    <ClInclude Include="Crypto\idea.h">
      <Filter>Crypto</Filter>
    </ClInclude>
    <ClInclude Include="Crypto\integer.h">
      <Filter>Crypto</Filter>
    </ClInclude>
    <ClInclude Include="Crypto\iterhash.h">
      <Filter>Crypto</Filter>
    </ClInclude>
    <ClInclude Include="Crypto\kalyna.h">
      <Filter>Crypto</Filter>
    </ClInclude>
    <ClInclude Include="Crypto\keccak.h">
      <Filter>Crypto</Filter>
    </ClInclude>
    <ClInclude Include="Crypto\lea.h">
      <Filter>Crypto</Filter>
    </ClInclude>
    <ClInclude Include="Crypto\lubyrack.h">
      <Filter>Crypto</Filter>
    </ClInclude>
    <ClInclude Include="Crypto\luc.h">
      <Filter>Crypto</Filter>
    </ClInclude>
    <ClInclude Include="Crypto\mars.h">
      <Filter>Crypto</Filter>
    </ClInclude>
    <ClInclude Include="Crypto\md2.h">
      <Filter>Crypto</Filter>
    </ClInclude>
    <ClInclude Include="Crypto\md4.h">
      <Filter>Crypto</Filter>
    </ClInclude>
    <ClInclude Include="Crypto\md5.h">
      <Filter>Crypto</Filter>
    </ClInclude>
    <ClInclude Include="Crypto\mdc.h">
      <Filter>Crypto</Filter>
    </ClInclude>
    <ClInclude Include="Crypto\mersenne.h">
      <Filter>Crypto</Filter>
    </ClInclude>
    <ClInclude Include="Crypto\misc.h">
      <Filter>Crypto</Filter>
    </ClInclude>
    <ClInclude Include="Crypto\modarith.h">
      <Filter>Crypto</Filter>
    </ClInclude>
    <ClInclude Include="Crypto\modes.h">
      <Filter>Crypto</Filter>
    </ClInclude>
    <ClInclude Include="Crypto\modexppc.h">
      <Filter>Crypto</Filter>
    </ClInclude>
    <ClInclude Include="Crypto\mqueue.h">
      <Filter>Crypto</Filter>
    </ClInclude>
    <ClInclude Include="Crypto\mqv.h">
      <Filter>Crypto</Filter>
    </ClInclude>
    <ClInclude Include="Crypto\naclite.h">
      <Filter>Crypto</Filter>
    </ClInclude>
    <ClInclude Include="Crypto\nbtheory.h">
      <Filter>Crypto</Filter>
    </ClInclude>
    <ClInclude Include="Crypto\nr.h">
      <Filter>Crypto</Filter>
    </ClInclude>
    <ClInclude Include="Crypto\oaep.h">
      <Filter>Crypto</Filter>
    </ClInclude>
    <ClInclude Include="Crypto\oids.h">
      <Filter>Crypto</Filter>
    </ClInclude>
    <ClInclude Include="Crypto\osrng.h">
      <Filter>Crypto</Filter>
    </ClInclude>
    <ClInclude Include="Crypto\ossig.h">
      <Filter>Crypto</Filter>
    </ClInclude>
    <ClInclude Include="Crypto\padlkrng.h">
      <Filter>Crypto</Filter>
    </ClInclude>
    <ClInclude Include="Crypto\panama.h">
      <Filter>Crypto</Filter>
    </ClInclude>
    <ClInclude Include="Crypto\pch.h">
      <Filter>Crypto</Filter>
    </ClInclude>
    <ClInclude Include="Crypto\pkcspad.h">
      <Filter>Crypto</Filter>
    </ClInclude>
    <ClInclude Include="Crypto\poly1305.h">
      <Filter>Crypto</Filter>
    </ClInclude>
    <ClInclude Include="Crypto\polynomi.h">
      <Filter>Crypto</Filter>
    </ClInclude>
    <ClInclude Include="Crypto\ppc_simd.h">
      <Filter>Crypto</Filter>
    </ClInclude>
    <ClInclude Include="Crypto\pssr.h">
      <Filter>Crypto</Filter>
    </ClInclude>
    <ClInclude Include="Crypto\pubkey.h">
      <Filter>Crypto</Filter>
    </ClInclude>
    <ClInclude Include="Crypto\pwdbased.h">
      <Filter>Crypto</Filter>
    </ClInclude>
    <ClInclude Include="Crypto\queue.h">
      <Filter>Crypto</Filter>
    </ClInclude>
    <ClInclude Include="Crypto\rabbit.h">
      <Filter>Crypto</Filter>
    </ClInclude>
    <ClInclude Include="Crypto\rabin.h">
      <Filter>Crypto</Filter>
    </ClInclude>
    <ClInclude Include="Crypto\randpool.h">
      <Filter>Crypto</Filter>
    </ClInclude>
    <ClInclude Include="Crypto\rc2.h">
      <Filter>Crypto</Filter>
    </ClInclude>
    <ClInclude Include="Crypto\rc5.h">
      <Filter>Crypto</Filter>
    </ClInclude>
    <ClInclude Include="Crypto\rc6.h">
      <Filter>Crypto</Filter>
    </ClInclude>
    <ClInclude Include="Crypto\rdrand.h">
      <Filter>Crypto</Filter>
    </ClInclude>
    <ClInclude Include="Crypto\resource.h">
      <Filter>Crypto</Filter>
    </ClInclude>
    <ClInclude Include="Crypto\rijndael.h">
      <Filter>Crypto</Filter>
    </ClInclude>
    <ClInclude Include="Crypto\ripemd.h">
      <Filter>Crypto</Filter>
    </ClInclude>
    <ClInclude Include="Crypto\rng.h">
      <Filter>Crypto</Filter>
    </ClInclude>
    <ClInclude Include="Crypto\rsa.h">
      <Filter>Crypto</Filter>
    </ClInclude>
    <ClInclude Include="Crypto\rw.h">
      <Filter>Crypto</Filter>
    </ClInclude>
    <ClInclude Include="Crypto\safer.h">
      <Filter>Crypto</Filter>
    </ClInclude>
    <ClInclude Include="Crypto\salsa.h">
      <Filter>Crypto</Filter>
    </ClInclude>
    <ClInclude Include="Crypto\scrypt.h">
      <Filter>Crypto</Filter>
    </ClInclude>
    <ClInclude Include="Crypto\seal.h">
      <Filter>Crypto</Filter>
    </ClInclude>
    <ClInclude Include="Crypto\secblock.h">
      <Filter>Crypto</Filter>
    </ClInclude>
    <ClInclude Include="Crypto\secblockfwd.h">
      <Filter>Crypto</Filter>
    </ClInclude>
    <ClInclude Include="Crypto\seckey.h">
      <Filter>Crypto</Filter>
    </ClInclude>
    <ClInclude Include="Crypto\seed.h">
      <Filter>Crypto</Filter>
    </ClInclude>
    <ClInclude Include="Crypto\serpent.h">
      <Filter>Crypto</Filter>
    </ClInclude>
    <ClInclude Include="Crypto\serpentp.h">
      <Filter>Crypto</Filter>
    </ClInclude>
    <ClInclude Include="Crypto\sha.h">
      <Filter>Crypto</Filter>
    </ClInclude>
    <ClInclude Include="Crypto\sha1_armv4.h">
      <Filter>Crypto</Filter>
    </ClInclude>
    <ClInclude Include="Crypto\sha3.h">
      <Filter>Crypto</Filter>
    </ClInclude>
    <ClInclude Include="Crypto\sha256_armv4.h">
      <Filter>Crypto</Filter>
    </ClInclude>
    <ClInclude Include="Crypto\sha512_armv4.h">
      <Filter>Crypto</Filter>
    </ClInclude>
    <ClInclude Include="Crypto\shacal2.h">
      <Filter>Crypto</Filter>
    </ClInclude>
    <ClInclude Include="Crypto\shake.h">
      <Filter>Crypto</Filter>
    </ClInclude>
    <ClInclude Include="Crypto\shark.h">
      <Filter>Crypto</Filter>
    </ClInclude>
    <ClInclude Include="Crypto\simeck.h">
      <Filter>Crypto</Filter>
    </ClInclude>
    <ClInclude Include="Crypto\simon.h">
      <Filter>Crypto</Filter>
    </ClInclude>
    <ClInclude Include="Crypto\simple.h">
      <Filter>Crypto</Filter>
    </ClInclude>
    <ClInclude Include="Crypto\siphash.h">
      <Filter>Crypto</Filter>
    </ClInclude>
    <ClInclude Include="Crypto\skipjack.h">
      <Filter>Crypto</Filter>
    </ClInclude>
    <ClInclude Include="Crypto\sm3.h">
      <Filter>Crypto</Filter>
    </ClInclude>
    <ClInclude Include="Crypto\sm4.h">
      <Filter>Crypto</Filter>
    </ClInclude>
    <ClInclude Include="Crypto\smartptr.h">
      <Filter>Crypto</Filter>
    </ClInclude>
    <ClInclude Include="Crypto\sosemanuk.h">
      <Filter>Crypto</Filter>
    </ClInclude>
    <ClInclude Include="Crypto\speck.h">
      <Filter>Crypto</Filter>
    </ClInclude>
    <ClInclude Include="Crypto\square.h">
      <Filter>Crypto</Filter>
    </ClInclude>
    <ClInclude Include="Crypto\stdcpp.h">
      <Filter>Crypto</Filter>
    </ClInclude>
    <ClInclude Include="Crypto\strciphr.h">
      <Filter>Crypto</Filter>
    </ClInclude>
    <ClInclude Include="Crypto\tea.h">
      <Filter>Crypto</Filter>
    </ClInclude>
    <ClInclude Include="Crypto\threefish.h">
      <Filter>Crypto</Filter>
    </ClInclude>
    <ClInclude Include="Crypto\tiger.h">
      <Filter>Crypto</Filter>
    </ClInclude>
    <ClInclude Include="Crypto\trap.h">
      <Filter>Crypto</Filter>
    </ClInclude>
    <ClInclude Include="Crypto\trunhash.h">
      <Filter>Crypto</Filter>
    </ClInclude>
    <ClInclude Include="Crypto\ttmac.h">
      <Filter>Crypto</Filter>
    </ClInclude>
    <ClInclude Include="Crypto\tweetnacl.h">
      <Filter>Crypto</Filter>
    </ClInclude>
    <ClInclude Include="Crypto\twofish.h">
      <Filter>Crypto</Filter>
    </ClInclude>
    <ClInclude Include="Crypto\vmac.h">
      <Filter>Crypto</Filter>
    </ClInclude>
    <ClInclude Include="Crypto\wake.h">
      <Filter>Crypto</Filter>
    </ClInclude>
    <ClInclude Include="Crypto\whrlpool.h">
      <Filter>Crypto</Filter>
    </ClInclude>
    <ClInclude Include="Crypto\words.h">
      <Filter>Crypto</Filter>
    </ClInclude>
    <ClInclude Include="Crypto\xed25519.h">
      <Filter>Crypto</Filter>
    </ClInclude>
    <ClInclude Include="Crypto\xtr.h">
      <Filter>Crypto</Filter>
    </ClInclude>
    <ClInclude Include="Crypto\xtrcrypt.h">
      <Filter>Crypto</Filter>
    </ClInclude>
    <ClInclude Include="Crypto\xts.h">
      <Filter>Crypto</Filter>
    </ClInclude>
    <ClInclude Include="Crypto\zdeflate.h">
      <Filter>Crypto</Filter>
    </ClInclude>
    <ClInclude Include="Crypto\zinflate.h">
      <Filter>Crypto</Filter>
    </ClInclude>
    <ClInclude Include="Crypto\zlib.h">
      <Filter>Crypto</Filter>
    </ClInclude>
    <ClInclude Include="Crypto\3way.h">
      <Filter>Crypto</Filter>
    </ClInclude>
    <ClInclude Include="Crypto\adler32.h">
      <Filter>Crypto</Filter>
    </ClInclude>
    <ClInclude Include="Crypto\adv_simd.h">
      <Filter>Crypto</Filter>
    </ClInclude>
    <ClInclude Include="Crypto\aes.h">
      <Filter>Crypto</Filter>
    </ClInclude>
    <ClInclude Include="UI\StyleProvider.h">
      <Filter>UI</Filter>
    </ClInclude>
    <ClInclude Include="Utils\HWID.h">
      <Filter>Utils</Filter>
    </ClInclude>
    <ClInclude Include="Packets\Packet.h">
      <Filter>Packets</Filter>
    </ClInclude>
    <ClInclude Include="Packets\PacketType.h">
      <Filter>Packets</Filter>
    </ClInclude>
    <ClInclude Include="Packets\Handshake.h">
      <Filter>Packets</Filter>
    </ClInclude>
    <ClInclude Include="Packets\Login.h">
      <Filter>Packets</Filter>
    </ClInclude>
  </ItemGroup>
  <ItemGroup>
    <ResourceCompile Include="Maple Loader.rc" />
  </ItemGroup>
  <ItemGroup>
    <Image Include="loaderIcon.ico" />
  </ItemGroup>
  <ItemGroup>
    <None Include="Crypto\aes_armv4.S">
      <Filter>Crypto</Filter>
    </None>
    <None Include="Crypto\bds10.zip">
      <Filter>Crypto</Filter>
    </None>
    <None Include="Crypto\Doxyfile">
      <Filter>Crypto</Filter>
    </None>
    <None Include="Crypto\GNUmakefile">
      <Filter>Crypto</Filter>
    </None>
    <None Include="Crypto\GNUmakefile-cross">
      <Filter>Crypto</Filter>
    </None>
    <None Include="Crypto\rdrand.asm">
      <Filter>Crypto</Filter>
    </None>
    <None Include="Crypto\rdseed.asm">
      <Filter>Crypto</Filter>
    </None>
    <None Include="Crypto\sha1_armv4.S">
      <Filter>Crypto</Filter>
    </None>
    <None Include="Crypto\sha256_armv4.S">
      <Filter>Crypto</Filter>
    </None>
    <None Include="Crypto\sha512_armv4.S">
      <Filter>Crypto</Filter>
    </None>
    <None Include="Crypto\vs2005.zip">
      <Filter>Crypto</Filter>
    </None>
    <None Include="Crypto\x64dll.asm">
      <Filter>Crypto</Filter>
    </None>
    <None Include="Crypto\x64masm.asm">
      <Filter>Crypto</Filter>
    </None>
    <None Include="Crypto\adhoc.cpp.proto">
      <Filter>Crypto</Filter>
    </None>
  </ItemGroup>
  <ItemGroup>
    <Text Include="Crypto\Filelist.txt">
      <Filter>Crypto</Filter>
    </Text>
    <Text Include="Crypto\History.txt">
      <Filter>Crypto</Filter>
    </Text>
    <Text Include="Crypto\Install.txt">
      <Filter>Crypto</Filter>
    </Text>
    <Text Include="Crypto\License.txt">
      <Filter>Crypto</Filter>
    </Text>
    <Text Include="Crypto\Readme.txt">
      <Filter>Crypto</Filter>
    </Text>
  </ItemGroup>
</Project>